// !$*UTF8*$!
{
	archiveVersion = 1;
	classes = {
	};
	objectVersion = 54;
	objects = {

/* Begin PBXBuildFile section */
		3A7F6CF82E56D8D68F0EE3E5 /* Pods_Bizzy_Books.framework in Frameworks */ = {isa = PBXBuildFile; fileRef = 55A76A85C1796F10EC1FF945 /* Pods_Bizzy_Books.framework */; };
		67FB9DD72B0D4FCC00456E26 /* ReportsViewController.swift in Sources */ = {isa = PBXBuildFile; fileRef = 67FB9DD62B0D4FCC00456E26 /* ReportsViewController.swift */; };
		EB05238E1FD0BAAF00C13E8C /* AllowedCharsTextField.swift in Sources */ = {isa = PBXBuildFile; fileRef = EB05238D1FD0BAAF00C13E8C /* AllowedCharsTextField.swift */; };
		EB0B96671FD8744700E8829C /* LaunchScreen.storyboard in Resources */ = {isa = PBXBuildFile; fileRef = EB0B96661FD8744700E8829C /* LaunchScreen.storyboard */; };
		EB0B966B1FDCA61100E8829C /* MapKit.framework in Frameworks */ = {isa = PBXBuildFile; fileRef = EB0B966A1FDCA61100E8829C /* MapKit.framework */; };
		EB190FC51F074EC700C80E07 /* CleanValue.swift in Sources */ = {isa = PBXBuildFile; fileRef = EB190FC41F074EC700C80E07 /* CleanValue.swift */; };
		EB190FC71F0B3CC500C80E07 /* ContactsLogicManager.swift in Sources */ = {isa = PBXBuildFile; fileRef = EB190FC61F0B3CC500C80E07 /* ContactsLogicManager.swift */; };
		EB1915C61FD768DD0078AA64 /* StoreKit.framework in Frameworks */ = {isa = PBXBuildFile; fileRef = EB1915C51FD768DD0078AA64 /* StoreKit.framework */; };
		EB1915C81FD85B370078AA64 /* IAPProcessor.swift in Sources */ = {isa = PBXBuildFile; fileRef = EB1915C71FD85B370078AA64 /* IAPProcessor.swift */; };
		EB2441AE1FE20BF6004EDC56 /* CardView.swift in Sources */ = {isa = PBXBuildFile; fileRef = EB2441AD1FE20BF6004EDC56 /* CardView.swift */; };
		EB2441B01FE20C44004EDC56 /* EntityCardViewCollectionViewCell.xib in Resources */ = {isa = PBXBuildFile; fileRef = EB2441AF1FE20C44004EDC56 /* EntityCardViewCollectionViewCell.xib */; };
		EB2441B21FE20C81004EDC56 /* EntityCardViewCollectionViewCell.swift in Sources */ = {isa = PBXBuildFile; fileRef = EB2441B11FE20C81004EDC56 /* EntityCardViewCollectionViewCell.swift */; };
		EB2441B41FE2E5E3004EDC56 /* MultiversalItem.swift in Sources */ = {isa = PBXBuildFile; fileRef = EB2441B31FE2E5E3004EDC56 /* MultiversalItem.swift */; };
		EB2441B61FE5C856004EDC56 /* MultiversalItemViewModel.swift in Sources */ = {isa = PBXBuildFile; fileRef = EB2441B51FE5C856004EDC56 /* MultiversalItemViewModel.swift */; };
		EB2441BB1FE613CF004EDC56 /* UniversalCardViewCollectionViewCell.swift in Sources */ = {isa = PBXBuildFile; fileRef = EB2441BA1FE613CF004EDC56 /* UniversalCardViewCollectionViewCell.swift */; };
		EB2441BD1FE6143C004EDC56 /* UniversalCardViewCollectionViewCell.xib in Resources */ = {isa = PBXBuildFile; fileRef = EB2441BC1FE6143C004EDC56 /* UniversalCardViewCollectionViewCell.xib */; };
		EB2441BF1FE6148D004EDC56 /* ProjectCardViewCollectionViewCell.swift in Sources */ = {isa = PBXBuildFile; fileRef = EB2441BE1FE6148D004EDC56 /* ProjectCardViewCollectionViewCell.swift */; };
		EB2441C11FE614B5004EDC56 /* ProjectCardViewCollectionViewCell.xib in Resources */ = {isa = PBXBuildFile; fileRef = EB2441C01FE614B5004EDC56 /* ProjectCardViewCollectionViewCell.xib */; };
		EB2441C31FE614CC004EDC56 /* AccountCardViewCollectionViewCell.swift in Sources */ = {isa = PBXBuildFile; fileRef = EB2441C21FE614CC004EDC56 /* AccountCardViewCollectionViewCell.swift */; };
		EB2441C51FE614F6004EDC56 /* AccountCardViewCollectionViewCell.xib in Resources */ = {isa = PBXBuildFile; fileRef = EB2441C41FE614F6004EDC56 /* AccountCardViewCollectionViewCell.xib */; };
		EB2441C71FE61510004EDC56 /* VehicleCardViewCollectionViewCell.swift in Sources */ = {isa = PBXBuildFile; fileRef = EB2441C61FE61510004EDC56 /* VehicleCardViewCollectionViewCell.swift */; };
		EB2441C91FE6152E004EDC56 /* VehicleCardViewCollectionViewCell.xib in Resources */ = {isa = PBXBuildFile; fileRef = EB2441C81FE6152E004EDC56 /* VehicleCardViewCollectionViewCell.xib */; };
		EB2441CB1FE62D88004EDC56 /* CardViewSentenceCell.xib in Resources */ = {isa = PBXBuildFile; fileRef = EB2441CA1FE62D88004EDC56 /* CardViewSentenceCell.xib */; };
		EB2441CD1FE63054004EDC56 /* CardViewSentenceCell.swift in Sources */ = {isa = PBXBuildFile; fileRef = EB2441CC1FE63054004EDC56 /* CardViewSentenceCell.swift */; };
		EB2441CF1FE6345F004EDC56 /* CardViewLabelFlowCollectionViewDataSource.swift in Sources */ = {isa = PBXBuildFile; fileRef = EB2441CE1FE6345F004EDC56 /* CardViewLabelFlowCollectionViewDataSource.swift */; };
		EB3F93BA1DDD41900049C343 /* AddUniversal.swift in Sources */ = {isa = PBXBuildFile; fileRef = EB3F93B91DDD41900049C343 /* AddUniversal.swift */; };
		EB4392C01EF6077700C568C3 /* BizzyAuthViewController.swift in Sources */ = {isa = PBXBuildFile; fileRef = EB4392BF1EF6077700C568C3 /* BizzyAuthViewController.swift */; };
		EB4734941DE25BD900F6928E /* Assets.xcassets in Resources */ = {isa = PBXBuildFile; fileRef = EB4734931DE25BD900F6928E /* Assets.xcassets */; };
		EB4EA8CB20111C56005D7552 /* Extensions.swift in Sources */ = {isa = PBXBuildFile; fileRef = EB4EA8CA20111C56005D7552 /* Extensions.swift */; };
		EB5856A61FB6311C006C6212 /* EntityItem.swift in Sources */ = {isa = PBXBuildFile; fileRef = EB5856A51FB6311C006C6212 /* EntityItem.swift */; };
		EB5856A81FB6352D006C6212 /* AccountItem.swift in Sources */ = {isa = PBXBuildFile; fileRef = EB5856A71FB6352D006C6212 /* AccountItem.swift */; };
		EB5856AA1FB635CA006C6212 /* UniversalItem.swift in Sources */ = {isa = PBXBuildFile; fileRef = EB5856A91FB635CA006C6212 /* UniversalItem.swift */; };
		EB5856AC1FB635E8006C6212 /* VehicleItem.swift in Sources */ = {isa = PBXBuildFile; fileRef = EB5856AB1FB635E8006C6212 /* VehicleItem.swift */; };
		EB5856AE1FB63612006C6212 /* ProjectItem.swift in Sources */ = {isa = PBXBuildFile; fileRef = EB5856AD1FB63612006C6212 /* ProjectItem.swift */; };
		EB761D6E1F12F3300022DC7C /* Just.swift in Sources */ = {isa = PBXBuildFile; fileRef = EB761D6D1F12F3300022DC7C /* Just.swift */; };
		EB7862E0290304A000B11AF1 /* GoogleService-Info.plist in Resources */ = {isa = PBXBuildFile; fileRef = EB7862DF290304A000B11AF1 /* GoogleService-Info.plist */; };
		EB79E56823E48C56005482E3 /* EstimateItem.swift in Sources */ = {isa = PBXBuildFile; fileRef = EB79E56723E48C56005482E3 /* EstimateItem.swift */; };
		EB7C4DCB23D7739100FA1D6B /* EstimateItemViewCell.xib in Resources */ = {isa = PBXBuildFile; fileRef = EB7C4DCA23D7739100FA1D6B /* EstimateItemViewCell.xib */; };
		EB7C4DCD23D7746C00FA1D6B /* EstimateItemViewCell.swift in Sources */ = {isa = PBXBuildFile; fileRef = EB7C4DCC23D7746C00FA1D6B /* EstimateItemViewCell.swift */; };
		EB7C4DD023D78CB000FA1D6B /* AddEstimateItemCell.swift in Sources */ = {isa = PBXBuildFile; fileRef = EB7C4DCF23D78CB000FA1D6B /* AddEstimateItemCell.swift */; };
		EB7C4DD223D78CBB00FA1D6B /* AddEstimateItemCell.xib in Resources */ = {isa = PBXBuildFile; fileRef = EB7C4DD123D78CBB00FA1D6B /* AddEstimateItemCell.xib */; };
		EB851E371D9578B2002D19F4 /* AppDelegate.swift in Sources */ = {isa = PBXBuildFile; fileRef = EB851E361D9578B2002D19F4 /* AppDelegate.swift */; };
		EB851E391D9578B2002D19F4 /* ViewController.swift in Sources */ = {isa = PBXBuildFile; fileRef = EB851E381D9578B2002D19F4 /* ViewController.swift */; };
		EB851E3C1D9578B2002D19F4 /* Main.storyboard in Resources */ = {isa = PBXBuildFile; fileRef = EB851E3A1D9578B2002D19F4 /* Main.storyboard */; };
		EB851E3F1D9578B2002D19F4 /* Bizzy_Books.xcdatamodeld in Sources */ = {isa = PBXBuildFile; fileRef = EB851E3D1D9578B2002D19F4 /* Bizzy_Books.xcdatamodeld */; };
		EB952E3B1FFBFCFC006AA124 /* ProSubscriptionViewController.swift in Sources */ = {isa = PBXBuildFile; fileRef = EB952E3A1FFBFCFC006AA124 /* ProSubscriptionViewController.swift */; };
		EB9E231221F569760091995D /* BusinessInfo.swift in Sources */ = {isa = PBXBuildFile; fileRef = EB9E231121F569760091995D /* BusinessInfo.swift */; };
		EBB407E31FE7101000E307C2 /* StringifyAnInt.swift in Sources */ = {isa = PBXBuildFile; fileRef = EBB407E21FE7101000E307C2 /* StringifyAnInt.swift */; };
		EBB407E51FE8120500E307C2 /* ObtainBalanceAfter.swift in Sources */ = {isa = PBXBuildFile; fileRef = EBB407E41FE8120500E307C2 /* ObtainBalanceAfter.swift */; };
		EBB407E71FE8A33F00E307C2 /* TheAmtSingleton.swift in Sources */ = {isa = PBXBuildFile; fileRef = EBB407E61FE8A33F00E307C2 /* TheAmtSingleton.swift */; };
		EBB407E91FEA10A400E307C2 /* MIProcessor.swift in Sources */ = {isa = PBXBuildFile; fileRef = EBB407E81FEA10A400E307C2 /* MIProcessor.swift */; };
		EBB407EB1FEB1B7700E307C2 /* ObtainProjectStatus.swift in Sources */ = {isa = PBXBuildFile; fileRef = EBB407EA1FEB1B7700E307C2 /* ObtainProjectStatus.swift */; };
		EBB407ED1FEB62B400E307C2 /* UniversalTransferCardViewCollectionViewCell.swift in Sources */ = {isa = PBXBuildFile; fileRef = EBB407EC1FEB62B400E307C2 /* UniversalTransferCardViewCollectionViewCell.swift */; };
		EBB407EF1FEB62D000E307C2 /* UniversalTransferCardViewCollectionViewCell.xib in Resources */ = {isa = PBXBuildFile; fileRef = EBB407EE1FEB62D000E307C2 /* UniversalTransferCardViewCollectionViewCell.xib */; };
		EBB407F11FEB62FB00E307C2 /* UniversalProjectMediaCardViewCollectionViewCell.swift in Sources */ = {isa = PBXBuildFile; fileRef = EBB407F01FEB62FB00E307C2 /* UniversalProjectMediaCardViewCollectionViewCell.swift */; };
		EBB407F31FEB631300E307C2 /* UniversalProjectMediaCardViewCollectionViewCell.xib in Resources */ = {isa = PBXBuildFile; fileRef = EBB407F21FEB631300E307C2 /* UniversalProjectMediaCardViewCollectionViewCell.xib */; };
		EBB407F51FEC402B00E307C2 /* CardViewSentenceTwoCell.swift in Sources */ = {isa = PBXBuildFile; fileRef = EBB407F41FEC402B00E307C2 /* CardViewSentenceTwoCell.swift */; };
		EBB407F71FEC403900E307C2 /* CardViewSentenceTwoCell.xib in Resources */ = {isa = PBXBuildFile; fileRef = EBB407F61FEC403900E307C2 /* CardViewSentenceTwoCell.xib */; };
		EBB407F91FEC478E00E307C2 /* CardViewLabelFlowCollectionViewDataSourceTwo.swift in Sources */ = {isa = PBXBuildFile; fileRef = EBB407F81FEC478E00E307C2 /* CardViewLabelFlowCollectionViewDataSourceTwo.swift */; };
		EBB77BD61EFC36070084D014 /* LabelTextFieldFlowItem.swift in Sources */ = {isa = PBXBuildFile; fileRef = EBB77BD51EFC36070084D014 /* LabelTextFieldFlowItem.swift */; };
		EBB77BD81EFC36240084D014 /* LabelTextFieldFlowCollectionViewDataSource.swift in Sources */ = {isa = PBXBuildFile; fileRef = EBB77BD71EFC36240084D014 /* LabelTextFieldFlowCollectionViewDataSource.swift */; };
		EBB77BDA1EFC37170084D014 /* LabelTextFieldFlowCells.swift in Sources */ = {isa = PBXBuildFile; fileRef = EBB77BD91EFC37170084D014 /* LabelTextFieldFlowCells.swift */; };
		EBB77BDC1EFE2ABC0084D014 /* UIColorCustom.swift in Sources */ = {isa = PBXBuildFile; fileRef = EBB77BDB1EFE2ABC0084D014 /* UIColorCustom.swift */; };
		EBB77BDE1EFE2D4D0084D014 /* UIColor+Hex.swift in Sources */ = {isa = PBXBuildFile; fileRef = EBB77BDD1EFE2D4D0084D014 /* UIColor+Hex.swift */; };
		EBC54EB51FFA187600A03906 /* SearchItem.swift in Sources */ = {isa = PBXBuildFile; fileRef = EBC54EB41FFA187600A03906 /* SearchItem.swift */; };
		EBD42D5E1FFB3E540004F896 /* CustomImageView.swift in Sources */ = {isa = PBXBuildFile; fileRef = EBD42D5D1FFB3E540004F896 /* CustomImageView.swift */; };
		EBEF9A4422090EE6005A60F3 /* LabelCollectionViewCell.xib in Resources */ = {isa = PBXBuildFile; fileRef = EBEF9A4322090EE6005A60F3 /* LabelCollectionViewCell.xib */; };
		EBFCB08C22F3AAD80020C041 /* EstimateViewController.swift in Sources */ = {isa = PBXBuildFile; fileRef = EBFCB08B22F3AAD80020C041 /* EstimateViewController.swift */; };
		FA7B73181EFC572D007A1AEA /* LeftAlignedCollectionViewFlowLayout.swift in Sources */ = {isa = PBXBuildFile; fileRef = FA7B73171EFC572D007A1AEA /* LeftAlignedCollectionViewFlowLayout.swift */; };
		FA7B731D1EFC5785007A1AEA /* DropdownFlowCollectionViewCell.swift in Sources */ = {isa = PBXBuildFile; fileRef = FA7B731C1EFC5785007A1AEA /* DropdownFlowCollectionViewCell.swift */; };
		FA7B731F1EFC5976007A1AEA /* DropdownReusableView.xib in Resources */ = {isa = PBXBuildFile; fileRef = FA7B731E1EFC5976007A1AEA /* DropdownReusableView.xib */; };
		FA7B73211EFC5983007A1AEA /* DropdownReusableView.swift in Sources */ = {isa = PBXBuildFile; fileRef = FA7B73201EFC5983007A1AEA /* DropdownReusableView.swift */; };
		FAAE73321F01C6E600BF1156 /* DropdownFlowView.swift in Sources */ = {isa = PBXBuildFile; fileRef = FAAE73311F01C6E600BF1156 /* DropdownFlowView.swift */; };
/* End PBXBuildFile section */

/* Begin PBXFileReference section */
		55A76A85C1796F10EC1FF945 /* Pods_Bizzy_Books.framework */ = {isa = PBXFileReference; explicitFileType = wrapper.framework; includeInIndex = 0; path = Pods_Bizzy_Books.framework; sourceTree = BUILT_PRODUCTS_DIR; };
		67FB9DD62B0D4FCC00456E26 /* ReportsViewController.swift */ = {isa = PBXFileReference; lastKnownFileType = sourcecode.swift; path = ReportsViewController.swift; sourceTree = "<group>"; };
		808C780A9837EEEF92B59CFF /* Pods-Bizzy Books.debug.xcconfig */ = {isa = PBXFileReference; includeInIndex = 1; lastKnownFileType = text.xcconfig; name = "Pods-Bizzy Books.debug.xcconfig"; path = "Target Support Files/Pods-Bizzy Books/Pods-Bizzy Books.debug.xcconfig"; sourceTree = "<group>"; };
		8A5ECD6A4E636829B304F247 /* Pods-Bizzy Books.release.xcconfig */ = {isa = PBXFileReference; includeInIndex = 1; lastKnownFileType = text.xcconfig; name = "Pods-Bizzy Books.release.xcconfig"; path = "Target Support Files/Pods-Bizzy Books/Pods-Bizzy Books.release.xcconfig"; sourceTree = "<group>"; };
		EB05238D1FD0BAAF00C13E8C /* AllowedCharsTextField.swift */ = {isa = PBXFileReference; lastKnownFileType = sourcecode.swift; path = AllowedCharsTextField.swift; sourceTree = "<group>"; };
		EB0B96661FD8744700E8829C /* LaunchScreen.storyboard */ = {isa = PBXFileReference; lastKnownFileType = file.storyboard; path = LaunchScreen.storyboard; sourceTree = "<group>"; };
		EB0B966A1FDCA61100E8829C /* MapKit.framework */ = {isa = PBXFileReference; lastKnownFileType = wrapper.framework; name = MapKit.framework; path = System/Library/Frameworks/MapKit.framework; sourceTree = SDKROOT; };
		EB190FC41F074EC700C80E07 /* CleanValue.swift */ = {isa = PBXFileReference; fileEncoding = 4; lastKnownFileType = sourcecode.swift; path = CleanValue.swift; sourceTree = "<group>"; };
		EB190FC61F0B3CC500C80E07 /* ContactsLogicManager.swift */ = {isa = PBXFileReference; fileEncoding = 4; lastKnownFileType = sourcecode.swift; path = ContactsLogicManager.swift; sourceTree = "<group>"; };
		EB1915C51FD768DD0078AA64 /* StoreKit.framework */ = {isa = PBXFileReference; lastKnownFileType = wrapper.framework; name = StoreKit.framework; path = System/Library/Frameworks/StoreKit.framework; sourceTree = SDKROOT; };
		EB1915C71FD85B370078AA64 /* IAPProcessor.swift */ = {isa = PBXFileReference; lastKnownFileType = sourcecode.swift; path = IAPProcessor.swift; sourceTree = "<group>"; };
		EB2441AD1FE20BF6004EDC56 /* CardView.swift */ = {isa = PBXFileReference; lastKnownFileType = sourcecode.swift; path = CardView.swift; sourceTree = "<group>"; };
		EB2441AF1FE20C44004EDC56 /* EntityCardViewCollectionViewCell.xib */ = {isa = PBXFileReference; lastKnownFileType = file.xib; path = EntityCardViewCollectionViewCell.xib; sourceTree = "<group>"; };
		EB2441B11FE20C81004EDC56 /* EntityCardViewCollectionViewCell.swift */ = {isa = PBXFileReference; lastKnownFileType = sourcecode.swift; path = EntityCardViewCollectionViewCell.swift; sourceTree = "<group>"; };
		EB2441B31FE2E5E3004EDC56 /* MultiversalItem.swift */ = {isa = PBXFileReference; lastKnownFileType = sourcecode.swift; path = MultiversalItem.swift; sourceTree = "<group>"; };
		EB2441B51FE5C856004EDC56 /* MultiversalItemViewModel.swift */ = {isa = PBXFileReference; lastKnownFileType = sourcecode.swift; path = MultiversalItemViewModel.swift; sourceTree = "<group>"; };
		EB2441BA1FE613CF004EDC56 /* UniversalCardViewCollectionViewCell.swift */ = {isa = PBXFileReference; lastKnownFileType = sourcecode.swift; path = UniversalCardViewCollectionViewCell.swift; sourceTree = "<group>"; };
		EB2441BC1FE6143C004EDC56 /* UniversalCardViewCollectionViewCell.xib */ = {isa = PBXFileReference; lastKnownFileType = file.xib; path = UniversalCardViewCollectionViewCell.xib; sourceTree = "<group>"; };
		EB2441BE1FE6148D004EDC56 /* ProjectCardViewCollectionViewCell.swift */ = {isa = PBXFileReference; lastKnownFileType = sourcecode.swift; path = ProjectCardViewCollectionViewCell.swift; sourceTree = "<group>"; };
		EB2441C01FE614B5004EDC56 /* ProjectCardViewCollectionViewCell.xib */ = {isa = PBXFileReference; lastKnownFileType = file.xib; path = ProjectCardViewCollectionViewCell.xib; sourceTree = "<group>"; };
		EB2441C21FE614CC004EDC56 /* AccountCardViewCollectionViewCell.swift */ = {isa = PBXFileReference; lastKnownFileType = sourcecode.swift; path = AccountCardViewCollectionViewCell.swift; sourceTree = "<group>"; };
		EB2441C41FE614F6004EDC56 /* AccountCardViewCollectionViewCell.xib */ = {isa = PBXFileReference; lastKnownFileType = file.xib; path = AccountCardViewCollectionViewCell.xib; sourceTree = "<group>"; };
		EB2441C61FE61510004EDC56 /* VehicleCardViewCollectionViewCell.swift */ = {isa = PBXFileReference; lastKnownFileType = sourcecode.swift; path = VehicleCardViewCollectionViewCell.swift; sourceTree = "<group>"; };
		EB2441C81FE6152E004EDC56 /* VehicleCardViewCollectionViewCell.xib */ = {isa = PBXFileReference; lastKnownFileType = file.xib; path = VehicleCardViewCollectionViewCell.xib; sourceTree = "<group>"; };
		EB2441CA1FE62D88004EDC56 /* CardViewSentenceCell.xib */ = {isa = PBXFileReference; lastKnownFileType = file.xib; path = CardViewSentenceCell.xib; sourceTree = "<group>"; };
		EB2441CC1FE63054004EDC56 /* CardViewSentenceCell.swift */ = {isa = PBXFileReference; lastKnownFileType = sourcecode.swift; path = CardViewSentenceCell.swift; sourceTree = "<group>"; };
		EB2441CE1FE6345F004EDC56 /* CardViewLabelFlowCollectionViewDataSource.swift */ = {isa = PBXFileReference; lastKnownFileType = sourcecode.swift; path = CardViewLabelFlowCollectionViewDataSource.swift; sourceTree = "<group>"; };
		EB3F93B91DDD41900049C343 /* AddUniversal.swift */ = {isa = PBXFileReference; fileEncoding = 4; lastKnownFileType = sourcecode.swift; path = AddUniversal.swift; sourceTree = "<group>"; };
		EB4392BF1EF6077700C568C3 /* BizzyAuthViewController.swift */ = {isa = PBXFileReference; fileEncoding = 4; lastKnownFileType = sourcecode.swift; path = BizzyAuthViewController.swift; sourceTree = "<group>"; };
		EB4734931DE25BD900F6928E /* Assets.xcassets */ = {isa = PBXFileReference; lastKnownFileType = folder.assetcatalog; path = Assets.xcassets; sourceTree = "<group>"; };
		EB4EA8CA20111C56005D7552 /* Extensions.swift */ = {isa = PBXFileReference; lastKnownFileType = sourcecode.swift; path = Extensions.swift; sourceTree = "<group>"; };
		EB5856A51FB6311C006C6212 /* EntityItem.swift */ = {isa = PBXFileReference; lastKnownFileType = sourcecode.swift; path = EntityItem.swift; sourceTree = "<group>"; };
		EB5856A71FB6352D006C6212 /* AccountItem.swift */ = {isa = PBXFileReference; lastKnownFileType = sourcecode.swift; path = AccountItem.swift; sourceTree = "<group>"; };
		EB5856A91FB635CA006C6212 /* UniversalItem.swift */ = {isa = PBXFileReference; lastKnownFileType = sourcecode.swift; path = UniversalItem.swift; sourceTree = "<group>"; };
		EB5856AB1FB635E8006C6212 /* VehicleItem.swift */ = {isa = PBXFileReference; lastKnownFileType = sourcecode.swift; path = VehicleItem.swift; sourceTree = "<group>"; };
		EB5856AD1FB63612006C6212 /* ProjectItem.swift */ = {isa = PBXFileReference; lastKnownFileType = sourcecode.swift; path = ProjectItem.swift; sourceTree = "<group>"; };
		EB761D6D1F12F3300022DC7C /* Just.swift */ = {isa = PBXFileReference; fileEncoding = 4; lastKnownFileType = sourcecode.swift; path = Just.swift; sourceTree = "<group>"; };
		EB7862DF290304A000B11AF1 /* GoogleService-Info.plist */ = {isa = PBXFileReference; fileEncoding = 4; lastKnownFileType = text.plist.xml; path = "GoogleService-Info.plist"; sourceTree = "<group>"; };
		EB79E56723E48C56005482E3 /* EstimateItem.swift */ = {isa = PBXFileReference; lastKnownFileType = sourcecode.swift; path = EstimateItem.swift; sourceTree = "<group>"; };
		EB7C4DCA23D7739100FA1D6B /* EstimateItemViewCell.xib */ = {isa = PBXFileReference; lastKnownFileType = file.xib; path = EstimateItemViewCell.xib; sourceTree = "<group>"; };
		EB7C4DCC23D7746C00FA1D6B /* EstimateItemViewCell.swift */ = {isa = PBXFileReference; lastKnownFileType = sourcecode.swift; path = EstimateItemViewCell.swift; sourceTree = "<group>"; };
		EB7C4DCF23D78CB000FA1D6B /* AddEstimateItemCell.swift */ = {isa = PBXFileReference; lastKnownFileType = sourcecode.swift; path = AddEstimateItemCell.swift; sourceTree = "<group>"; };
		EB7C4DD123D78CBB00FA1D6B /* AddEstimateItemCell.xib */ = {isa = PBXFileReference; lastKnownFileType = file.xib; path = AddEstimateItemCell.xib; sourceTree = "<group>"; };
		EB7D51D71D95863F0016E63D /* Bizzy Books.entitlements */ = {isa = PBXFileReference; lastKnownFileType = text.plist.entitlements; path = "Bizzy Books.entitlements"; sourceTree = "<group>"; };
		EB851E331D9578B2002D19F4 /* Bizzy Books.app */ = {isa = PBXFileReference; explicitFileType = wrapper.application; includeInIndex = 0; path = "Bizzy Books.app"; sourceTree = BUILT_PRODUCTS_DIR; };
		EB851E361D9578B2002D19F4 /* AppDelegate.swift */ = {isa = PBXFileReference; lastKnownFileType = sourcecode.swift; path = AppDelegate.swift; sourceTree = "<group>"; };
		EB851E381D9578B2002D19F4 /* ViewController.swift */ = {isa = PBXFileReference; lastKnownFileType = sourcecode.swift; path = ViewController.swift; sourceTree = "<group>"; };
		EB851E3B1D9578B2002D19F4 /* Base */ = {isa = PBXFileReference; lastKnownFileType = file.storyboard; name = Base; path = Base.lproj/Main.storyboard; sourceTree = "<group>"; };
		EB851E3E1D9578B2002D19F4 /* Bizzy_Books.xcdatamodel */ = {isa = PBXFileReference; lastKnownFileType = wrapper.xcdatamodel; path = Bizzy_Books.xcdatamodel; sourceTree = "<group>"; };
		EB851E451D9578B2002D19F4 /* Info.plist */ = {isa = PBXFileReference; lastKnownFileType = text.plist.xml; path = Info.plist; sourceTree = "<group>"; };
		EB952E3A1FFBFCFC006AA124 /* ProSubscriptionViewController.swift */ = {isa = PBXFileReference; lastKnownFileType = sourcecode.swift; path = ProSubscriptionViewController.swift; sourceTree = "<group>"; };
		EB9E231121F569760091995D /* BusinessInfo.swift */ = {isa = PBXFileReference; lastKnownFileType = sourcecode.swift; path = BusinessInfo.swift; sourceTree = "<group>"; };
		EBB407E21FE7101000E307C2 /* StringifyAnInt.swift */ = {isa = PBXFileReference; lastKnownFileType = sourcecode.swift; path = StringifyAnInt.swift; sourceTree = "<group>"; };
		EBB407E41FE8120500E307C2 /* ObtainBalanceAfter.swift */ = {isa = PBXFileReference; lastKnownFileType = sourcecode.swift; path = ObtainBalanceAfter.swift; sourceTree = "<group>"; };
		EBB407E61FE8A33F00E307C2 /* TheAmtSingleton.swift */ = {isa = PBXFileReference; lastKnownFileType = sourcecode.swift; path = TheAmtSingleton.swift; sourceTree = "<group>"; };
		EBB407E81FEA10A400E307C2 /* MIProcessor.swift */ = {isa = PBXFileReference; lastKnownFileType = sourcecode.swift; path = MIProcessor.swift; sourceTree = "<group>"; };
		EBB407EA1FEB1B7700E307C2 /* ObtainProjectStatus.swift */ = {isa = PBXFileReference; lastKnownFileType = sourcecode.swift; path = ObtainProjectStatus.swift; sourceTree = "<group>"; };
		EBB407EC1FEB62B400E307C2 /* UniversalTransferCardViewCollectionViewCell.swift */ = {isa = PBXFileReference; lastKnownFileType = sourcecode.swift; path = UniversalTransferCardViewCollectionViewCell.swift; sourceTree = "<group>"; };
		EBB407EE1FEB62D000E307C2 /* UniversalTransferCardViewCollectionViewCell.xib */ = {isa = PBXFileReference; lastKnownFileType = file.xib; path = UniversalTransferCardViewCollectionViewCell.xib; sourceTree = "<group>"; };
		EBB407F01FEB62FB00E307C2 /* UniversalProjectMediaCardViewCollectionViewCell.swift */ = {isa = PBXFileReference; lastKnownFileType = sourcecode.swift; path = UniversalProjectMediaCardViewCollectionViewCell.swift; sourceTree = "<group>"; };
		EBB407F21FEB631300E307C2 /* UniversalProjectMediaCardViewCollectionViewCell.xib */ = {isa = PBXFileReference; lastKnownFileType = file.xib; path = UniversalProjectMediaCardViewCollectionViewCell.xib; sourceTree = "<group>"; };
		EBB407F41FEC402B00E307C2 /* CardViewSentenceTwoCell.swift */ = {isa = PBXFileReference; lastKnownFileType = sourcecode.swift; path = CardViewSentenceTwoCell.swift; sourceTree = "<group>"; };
		EBB407F61FEC403900E307C2 /* CardViewSentenceTwoCell.xib */ = {isa = PBXFileReference; lastKnownFileType = file.xib; path = CardViewSentenceTwoCell.xib; sourceTree = "<group>"; };
		EBB407F81FEC478E00E307C2 /* CardViewLabelFlowCollectionViewDataSourceTwo.swift */ = {isa = PBXFileReference; lastKnownFileType = sourcecode.swift; path = CardViewLabelFlowCollectionViewDataSourceTwo.swift; sourceTree = "<group>"; };
		EBB77BD51EFC36070084D014 /* LabelTextFieldFlowItem.swift */ = {isa = PBXFileReference; fileEncoding = 4; lastKnownFileType = sourcecode.swift; path = LabelTextFieldFlowItem.swift; sourceTree = "<group>"; };
		EBB77BD71EFC36240084D014 /* LabelTextFieldFlowCollectionViewDataSource.swift */ = {isa = PBXFileReference; fileEncoding = 4; lastKnownFileType = sourcecode.swift; path = LabelTextFieldFlowCollectionViewDataSource.swift; sourceTree = "<group>"; };
		EBB77BD91EFC37170084D014 /* LabelTextFieldFlowCells.swift */ = {isa = PBXFileReference; fileEncoding = 4; lastKnownFileType = sourcecode.swift; path = LabelTextFieldFlowCells.swift; sourceTree = "<group>"; };
		EBB77BDB1EFE2ABC0084D014 /* UIColorCustom.swift */ = {isa = PBXFileReference; fileEncoding = 4; lastKnownFileType = sourcecode.swift; path = UIColorCustom.swift; sourceTree = "<group>"; };
		EBB77BDD1EFE2D4D0084D014 /* UIColor+Hex.swift */ = {isa = PBXFileReference; fileEncoding = 4; lastKnownFileType = sourcecode.swift; path = "UIColor+Hex.swift"; sourceTree = "<group>"; };
		EBC54EB41FFA187600A03906 /* SearchItem.swift */ = {isa = PBXFileReference; lastKnownFileType = sourcecode.swift; path = SearchItem.swift; sourceTree = "<group>"; };
		EBD42D5D1FFB3E540004F896 /* CustomImageView.swift */ = {isa = PBXFileReference; lastKnownFileType = sourcecode.swift; path = CustomImageView.swift; sourceTree = "<group>"; };
		EBEF9A4322090EE6005A60F3 /* LabelCollectionViewCell.xib */ = {isa = PBXFileReference; lastKnownFileType = file.xib; path = LabelCollectionViewCell.xib; sourceTree = "<group>"; };
		EBFCB08B22F3AAD80020C041 /* EstimateViewController.swift */ = {isa = PBXFileReference; lastKnownFileType = sourcecode.swift; path = EstimateViewController.swift; sourceTree = "<group>"; };
		FA7B73171EFC572D007A1AEA /* LeftAlignedCollectionViewFlowLayout.swift */ = {isa = PBXFileReference; lastKnownFileType = sourcecode.swift; path = LeftAlignedCollectionViewFlowLayout.swift; sourceTree = "<group>"; };
		FA7B731C1EFC5785007A1AEA /* DropdownFlowCollectionViewCell.swift */ = {isa = PBXFileReference; lastKnownFileType = sourcecode.swift; path = DropdownFlowCollectionViewCell.swift; sourceTree = "<group>"; };
		FA7B731E1EFC5976007A1AEA /* DropdownReusableView.xib */ = {isa = PBXFileReference; lastKnownFileType = file.xib; path = DropdownReusableView.xib; sourceTree = "<group>"; };
		FA7B73201EFC5983007A1AEA /* DropdownReusableView.swift */ = {isa = PBXFileReference; lastKnownFileType = sourcecode.swift; path = DropdownReusableView.swift; sourceTree = "<group>"; };
		FAAE73311F01C6E600BF1156 /* DropdownFlowView.swift */ = {isa = PBXFileReference; lastKnownFileType = sourcecode.swift; path = DropdownFlowView.swift; sourceTree = "<group>"; };
/* End PBXFileReference section */

/* Begin PBXFrameworksBuildPhase section */
		EB851E301D9578B2002D19F4 /* Frameworks */ = {
			isa = PBXFrameworksBuildPhase;
			buildActionMask = 2147483647;
			files = (
				EB0B966B1FDCA61100E8829C /* MapKit.framework in Frameworks */,
				EB1915C61FD768DD0078AA64 /* StoreKit.framework in Frameworks */,
				3A7F6CF82E56D8D68F0EE3E5 /* Pods_Bizzy_Books.framework in Frameworks */,
			);
			runOnlyForDeploymentPostprocessing = 0;
		};
/* End PBXFrameworksBuildPhase section */

/* Begin PBXGroup section */
		72DF5F1E419AD5E0D42F1F52 /* Frameworks */ = {
			isa = PBXGroup;
			children = (
				EB0B966A1FDCA61100E8829C /* MapKit.framework */,
				EB1915C51FD768DD0078AA64 /* StoreKit.framework */,
				55A76A85C1796F10EC1FF945 /* Pods_Bizzy_Books.framework */,
			);
			name = Frameworks;
			sourceTree = "<group>";
		};
		EB2441AC1FE20BB4004EDC56 /* Card View Collection View Cells */ = {
			isa = PBXGroup;
			children = (
				EB2441AD1FE20BF6004EDC56 /* CardView.swift */,
				EB2441AF1FE20C44004EDC56 /* EntityCardViewCollectionViewCell.xib */,
				EB2441B11FE20C81004EDC56 /* EntityCardViewCollectionViewCell.swift */,
				EB2441BA1FE613CF004EDC56 /* UniversalCardViewCollectionViewCell.swift */,
				EB2441BC1FE6143C004EDC56 /* UniversalCardViewCollectionViewCell.xib */,
				EB2441BE1FE6148D004EDC56 /* ProjectCardViewCollectionViewCell.swift */,
				EB2441C01FE614B5004EDC56 /* ProjectCardViewCollectionViewCell.xib */,
				EB2441C21FE614CC004EDC56 /* AccountCardViewCollectionViewCell.swift */,
				EB2441C41FE614F6004EDC56 /* AccountCardViewCollectionViewCell.xib */,
				EB2441C61FE61510004EDC56 /* VehicleCardViewCollectionViewCell.swift */,
				EB2441C81FE6152E004EDC56 /* VehicleCardViewCollectionViewCell.xib */,
				EB2441CA1FE62D88004EDC56 /* CardViewSentenceCell.xib */,
				EB2441CC1FE63054004EDC56 /* CardViewSentenceCell.swift */,
				EB2441CE1FE6345F004EDC56 /* CardViewLabelFlowCollectionViewDataSource.swift */,
				EBB407F81FEC478E00E307C2 /* CardViewLabelFlowCollectionViewDataSourceTwo.swift */,
				EBB407EC1FEB62B400E307C2 /* UniversalTransferCardViewCollectionViewCell.swift */,
				EBB407EE1FEB62D000E307C2 /* UniversalTransferCardViewCollectionViewCell.xib */,
				EBB407F01FEB62FB00E307C2 /* UniversalProjectMediaCardViewCollectionViewCell.swift */,
				EBB407F21FEB631300E307C2 /* UniversalProjectMediaCardViewCollectionViewCell.xib */,
				EBB407F41FEC402B00E307C2 /* CardViewSentenceTwoCell.swift */,
				EBB407F61FEC403900E307C2 /* CardViewSentenceTwoCell.xib */,
			);
			path = "Card View Collection View Cells";
			sourceTree = "<group>";
		};
		EB761D6F1F12F3360022DC7C /* Sources */ = {
			isa = PBXGroup;
			children = (
				EB761D6D1F12F3300022DC7C /* Just.swift */,
			);
			name = Sources;
			sourceTree = "<group>";
		};
		EB7C4DCE23D775F000FA1D6B /* Estimate Item Cells */ = {
			isa = PBXGroup;
			children = (
				EB7C4DCC23D7746C00FA1D6B /* EstimateItemViewCell.swift */,
				EB7C4DCA23D7739100FA1D6B /* EstimateItemViewCell.xib */,
				EB7C4DCF23D78CB000FA1D6B /* AddEstimateItemCell.swift */,
				EB7C4DD123D78CBB00FA1D6B /* AddEstimateItemCell.xib */,
			);
			path = "Estimate Item Cells";
			sourceTree = "<group>";
		};
		EB851E2A1D9578B2002D19F4 = {
			isa = PBXGroup;
			children = (
				EB851E351D9578B2002D19F4 /* Bizzy Books */,
				EB851E341D9578B2002D19F4 /* Products */,
				72DF5F1E419AD5E0D42F1F52 /* Frameworks */,
				F8CD25BA35447A3F96D87F61 /* Pods */,
			);
			sourceTree = "<group>";
		};
		EB851E341D9578B2002D19F4 /* Products */ = {
			isa = PBXGroup;
			children = (
				EB851E331D9578B2002D19F4 /* Bizzy Books.app */,
			);
			name = Products;
			sourceTree = "<group>";
		};
		EB851E351D9578B2002D19F4 /* Bizzy Books */ = {
			isa = PBXGroup;
			children = (
				EB7D51D71D95863F0016E63D /* Bizzy Books.entitlements */,
				EB851E361D9578B2002D19F4 /* AppDelegate.swift */,
				FA7B731A1EFC5759007A1AEA /* Model */,
				EBE448081FBD455D00DFD0AD /* Table View Cells */,
				EB2441AC1FE20BB4004EDC56 /* Card View Collection View Cells */,
				EB7C4DCE23D775F000FA1D6B /* Estimate Item Cells */,
				FA7B731B1EFC5769007A1AEA /* Sentence Collection View Cells */,
				FA7B73191EFC5745007A1AEA /* View Controllers */,
				EB851E3A1D9578B2002D19F4 /* Main.storyboard */,
				EB0B96661FD8744700E8829C /* LaunchScreen.storyboard */,
				EB4734931DE25BD900F6928E /* Assets.xcassets */,
				EB851E451D9578B2002D19F4 /* Info.plist */,
				EB761D6F1F12F3360022DC7C /* Sources */,
				EB7862DF290304A000B11AF1 /* GoogleService-Info.plist */,
				EB851E3D1D9578B2002D19F4 /* Bizzy_Books.xcdatamodeld */,
				EB4392BF1EF6077700C568C3 /* BizzyAuthViewController.swift */,
			);
			path = "Bizzy Books";
			sourceTree = "<group>";
		};
		EBE448081FBD455D00DFD0AD /* Table View Cells */ = {
			isa = PBXGroup;
			children = (
			);
			path = "Table View Cells";
			sourceTree = "<group>";
		};
		F8CD25BA35447A3F96D87F61 /* Pods */ = {
			isa = PBXGroup;
			children = (
				808C780A9837EEEF92B59CFF /* Pods-Bizzy Books.debug.xcconfig */,
				8A5ECD6A4E636829B304F247 /* Pods-Bizzy Books.release.xcconfig */,
			);
			path = Pods;
			sourceTree = "<group>";
		};
		FA7B73191EFC5745007A1AEA /* View Controllers */ = {
			isa = PBXGroup;
			children = (
				EB851E381D9578B2002D19F4 /* ViewController.swift */,
				EB3F93B91DDD41900049C343 /* AddUniversal.swift */,
				EB952E3A1FFBFCFC006AA124 /* ProSubscriptionViewController.swift */,
				EBFCB08B22F3AAD80020C041 /* EstimateViewController.swift */,
				67FB9DD62B0D4FCC00456E26 /* ReportsViewController.swift */,
			);
			path = "View Controllers";
			sourceTree = "<group>";
		};
		FA7B731A1EFC5759007A1AEA /* Model */ = {
			isa = PBXGroup;
			children = (
				EBB77BD51EFC36070084D014 /* LabelTextFieldFlowItem.swift */,
				EB190FC61F0B3CC500C80E07 /* ContactsLogicManager.swift */,
				EBB77BDB1EFE2ABC0084D014 /* UIColorCustom.swift */,
				EBB77BDD1EFE2D4D0084D014 /* UIColor+Hex.swift */,
				EB190FC41F074EC700C80E07 /* CleanValue.swift */,
				EB5856A51FB6311C006C6212 /* EntityItem.swift */,
				EB5856A71FB6352D006C6212 /* AccountItem.swift */,
				EB5856A91FB635CA006C6212 /* UniversalItem.swift */,
				EB5856AB1FB635E8006C6212 /* VehicleItem.swift */,
				EB5856AD1FB63612006C6212 /* ProjectItem.swift */,
				EB05238D1FD0BAAF00C13E8C /* AllowedCharsTextField.swift */,
				EB1915C71FD85B370078AA64 /* IAPProcessor.swift */,
				EBB407E81FEA10A400E307C2 /* MIProcessor.swift */,
				EB2441B31FE2E5E3004EDC56 /* MultiversalItem.swift */,
				EB2441B51FE5C856004EDC56 /* MultiversalItemViewModel.swift */,
				EBB407E21FE7101000E307C2 /* StringifyAnInt.swift */,
				EBB407E41FE8120500E307C2 /* ObtainBalanceAfter.swift */,
				EBB407EA1FEB1B7700E307C2 /* ObtainProjectStatus.swift */,
				EBB407E61FE8A33F00E307C2 /* TheAmtSingleton.swift */,
				EBC54EB41FFA187600A03906 /* SearchItem.swift */,
				EBD42D5D1FFB3E540004F896 /* CustomImageView.swift */,
				EB4EA8CA20111C56005D7552 /* Extensions.swift */,
				EB9E231121F569760091995D /* BusinessInfo.swift */,
				EB79E56723E48C56005482E3 /* EstimateItem.swift */,
			);
			path = Model;
			sourceTree = "<group>";
		};
		FA7B731B1EFC5769007A1AEA /* Sentence Collection View Cells */ = {
			isa = PBXGroup;
			children = (
				EBB77BD91EFC37170084D014 /* LabelTextFieldFlowCells.swift */,
				EBEF9A4322090EE6005A60F3 /* LabelCollectionViewCell.xib */,
				FA7B731C1EFC5785007A1AEA /* DropdownFlowCollectionViewCell.swift */,
				FAAE73311F01C6E600BF1156 /* DropdownFlowView.swift */,
				FA7B731E1EFC5976007A1AEA /* DropdownReusableView.xib */,
				FA7B73201EFC5983007A1AEA /* DropdownReusableView.swift */,
				FA7B73171EFC572D007A1AEA /* LeftAlignedCollectionViewFlowLayout.swift */,
				EBB77BD71EFC36240084D014 /* LabelTextFieldFlowCollectionViewDataSource.swift */,
			);
			path = "Sentence Collection View Cells";
			sourceTree = "<group>";
		};
/* End PBXGroup section */

/* Begin PBXNativeTarget section */
		EB851E321D9578B2002D19F4 /* Bizzy Books */ = {
			isa = PBXNativeTarget;
			buildConfigurationList = EB851E481D9578B2002D19F4 /* Build configuration list for PBXNativeTarget "Bizzy Books" */;
			buildPhases = (
				DA32EC267FF0B381D70E9FA6 /* [CP] Check Pods Manifest.lock */,
				EB851E2F1D9578B2002D19F4 /* Sources */,
				EB851E301D9578B2002D19F4 /* Frameworks */,
				EB851E311D9578B2002D19F4 /* Resources */,
				4D0255F90A66F84B954B3861 /* [CP] Embed Pods Frameworks */,
			);
			buildRules = (
			);
			dependencies = (
			);
			name = "Bizzy Books";
			packageProductDependencies = (
			);
			productName = "Bizzy Books";
			productReference = EB851E331D9578B2002D19F4 /* Bizzy Books.app */;
			productType = "com.apple.product-type.application";
		};
/* End PBXNativeTarget section */

/* Begin PBXProject section */
		EB851E2B1D9578B2002D19F4 /* Project object */ = {
			isa = PBXProject;
			attributes = {
				LastSwiftUpdateCheck = 0800;
				LastUpgradeCheck = 0800;
				ORGANIZATIONNAME = "Caldwell Contracting LLC";
				TargetAttributes = {
					EB851E321D9578B2002D19F4 = {
						CreatedOnToolsVersion = 8.0;
						DevelopmentTeam = ALC53N96R3;
						LastSwiftMigration = "";
						ProvisioningStyle = Automatic;
						SystemCapabilities = {
							com.apple.InAppPurchase = {
								enabled = 1;
							};
							com.apple.Keychain = {
								enabled = 1;
							};
							com.apple.Maps.iOS = {
								enabled = 1;
							};
							com.apple.Push = {
								enabled = 1;
							};
						};
					};
				};
			};
			buildConfigurationList = EB851E2E1D9578B2002D19F4 /* Build configuration list for PBXProject "Bizzy Books" */;
			compatibilityVersion = "Xcode 3.2";
			developmentRegion = English;
			hasScannedForEncodings = 0;
			knownRegions = (
				English,
				en,
				Base,
			);
			mainGroup = EB851E2A1D9578B2002D19F4;
			packageReferences = (
				67E467912B0DA2B40049482C /* XCRemoteSwiftPackageReference "Charts" */,
			);
			productRefGroup = EB851E341D9578B2002D19F4 /* Products */;
			projectDirPath = "";
			projectRoot = "";
			targets = (
				EB851E321D9578B2002D19F4 /* Bizzy Books */,
			);
		};
/* End PBXProject section */

/* Begin PBXResourcesBuildPhase section */
		EB851E311D9578B2002D19F4 /* Resources */ = {
			isa = PBXResourcesBuildPhase;
			buildActionMask = 2147483647;
			files = (
				EB2441CB1FE62D88004EDC56 /* CardViewSentenceCell.xib in Resources */,
				EB2441B01FE20C44004EDC56 /* EntityCardViewCollectionViewCell.xib in Resources */,
				EB7C4DD223D78CBB00FA1D6B /* AddEstimateItemCell.xib in Resources */,
				EBB407F71FEC403900E307C2 /* CardViewSentenceTwoCell.xib in Resources */,
				EB2441C11FE614B5004EDC56 /* ProjectCardViewCollectionViewCell.xib in Resources */,
				EBEF9A4422090EE6005A60F3 /* LabelCollectionViewCell.xib in Resources */,
				EB0B96671FD8744700E8829C /* LaunchScreen.storyboard in Resources */,
				EB7862E0290304A000B11AF1 /* GoogleService-Info.plist in Resources */,
				EB2441BD1FE6143C004EDC56 /* UniversalCardViewCollectionViewCell.xib in Resources */,
				EB4734941DE25BD900F6928E /* Assets.xcassets in Resources */,
				EB2441C51FE614F6004EDC56 /* AccountCardViewCollectionViewCell.xib in Resources */,
				FA7B731F1EFC5976007A1AEA /* DropdownReusableView.xib in Resources */,
				EBB407F31FEB631300E307C2 /* UniversalProjectMediaCardViewCollectionViewCell.xib in Resources */,
				EB2441C91FE6152E004EDC56 /* VehicleCardViewCollectionViewCell.xib in Resources */,
				EBB407EF1FEB62D000E307C2 /* UniversalTransferCardViewCollectionViewCell.xib in Resources */,
				EB851E3C1D9578B2002D19F4 /* Main.storyboard in Resources */,
				EB7C4DCB23D7739100FA1D6B /* EstimateItemViewCell.xib in Resources */,
			);
			runOnlyForDeploymentPostprocessing = 0;
		};
/* End PBXResourcesBuildPhase section */

/* Begin PBXShellScriptBuildPhase section */
		4D0255F90A66F84B954B3861 /* [CP] Embed Pods Frameworks */ = {
			isa = PBXShellScriptBuildPhase;
			buildActionMask = 2147483647;
			files = (
			);
			inputPaths = (
				"${PODS_ROOT}/Target Support Files/Pods-Bizzy Books/Pods-Bizzy Books-frameworks.sh",
				"${BUILT_PRODUCTS_DIR}/AppAuth/AppAuth.framework",
				"${BUILT_PRODUCTS_DIR}/BoringSSL-GRPC/openssl_grpc.framework",
				"${BUILT_PRODUCTS_DIR}/DGCharts/DGCharts.framework",
				"${BUILT_PRODUCTS_DIR}/FirebaseAnonymousAuthUI/FirebaseAnonymousAuthUI.framework",
				"${BUILT_PRODUCTS_DIR}/FirebaseAppCheckInterop/FirebaseAppCheckInterop.framework",
				"${BUILT_PRODUCTS_DIR}/FirebaseAuth/FirebaseAuth.framework",
				"${BUILT_PRODUCTS_DIR}/FirebaseAuthInterop/FirebaseAuthInterop.framework",
				"${BUILT_PRODUCTS_DIR}/FirebaseAuthUI/FirebaseAuthUI.framework",
				"${BUILT_PRODUCTS_DIR}/FirebaseCore/FirebaseCore.framework",
				"${BUILT_PRODUCTS_DIR}/FirebaseCoreExtension/FirebaseCoreExtension.framework",
				"${BUILT_PRODUCTS_DIR}/FirebaseCoreInternal/FirebaseCoreInternal.framework",
				"${BUILT_PRODUCTS_DIR}/FirebaseDatabase/FirebaseDatabase.framework",
				"${BUILT_PRODUCTS_DIR}/FirebaseDatabaseUI/FirebaseDatabaseUI.framework",
				"${BUILT_PRODUCTS_DIR}/FirebaseEmailAuthUI/FirebaseEmailAuthUI.framework",
				"${BUILT_PRODUCTS_DIR}/FirebaseFacebookAuthUI/FirebaseFacebookAuthUI.framework",
				"${BUILT_PRODUCTS_DIR}/FirebaseFirestore/FirebaseFirestore.framework",
				"${BUILT_PRODUCTS_DIR}/FirebaseFirestoreUI/FirebaseFirestoreUI.framework",
				"${BUILT_PRODUCTS_DIR}/FirebaseGoogleAuthUI/FirebaseGoogleAuthUI.framework",
				"${BUILT_PRODUCTS_DIR}/FirebaseOAuthUI/FirebaseOAuthUI.framework",
				"${BUILT_PRODUCTS_DIR}/FirebasePhoneAuthUI/FirebasePhoneAuthUI.framework",
				"${BUILT_PRODUCTS_DIR}/FirebaseStorage/FirebaseStorage.framework",
				"${BUILT_PRODUCTS_DIR}/FirebaseStorageUI/FirebaseStorageUI.framework",
				"${BUILT_PRODUCTS_DIR}/GTMAppAuth/GTMAppAuth.framework",
				"${BUILT_PRODUCTS_DIR}/GTMSessionFetcher/GTMSessionFetcher.framework",
				"${BUILT_PRODUCTS_DIR}/GoogleSignIn/GoogleSignIn.framework",
				"${BUILT_PRODUCTS_DIR}/GoogleUtilities/GoogleUtilities.framework",
				"${BUILT_PRODUCTS_DIR}/KTCenterFlowLayout/KTCenterFlowLayout.framework",
				"${BUILT_PRODUCTS_DIR}/Libuv-gRPC/uv.framework",
				"${BUILT_PRODUCTS_DIR}/MKDropdownMenu/MKDropdownMenu.framework",
				"${BUILT_PRODUCTS_DIR}/PromisesObjC/FBLPromises.framework",
				"${BUILT_PRODUCTS_DIR}/RNCryptor/RNCryptor.framework",
				"${BUILT_PRODUCTS_DIR}/SDWebImage/SDWebImage.framework",
				"${BUILT_PRODUCTS_DIR}/SimplePDF/SimplePDF.framework",
				"${BUILT_PRODUCTS_DIR}/abseil/absl.framework",
				"${BUILT_PRODUCTS_DIR}/gRPC-C++/grpcpp.framework",
				"${BUILT_PRODUCTS_DIR}/gRPC-Core/grpc.framework",
				"${BUILT_PRODUCTS_DIR}/leveldb-library/leveldb.framework",
				"${BUILT_PRODUCTS_DIR}/nanopb/nanopb.framework",
				"${PODS_XCFRAMEWORKS_BUILD_DIR}/FBAEMKit/FBAEMKit.framework/FBAEMKit",
				"${PODS_XCFRAMEWORKS_BUILD_DIR}/FBSDKCoreKit/FBSDKCoreKit.framework/FBSDKCoreKit",
				"${PODS_XCFRAMEWORKS_BUILD_DIR}/FBSDKCoreKit_Basics/FBSDKCoreKit_Basics.framework/FBSDKCoreKit_Basics",
				"${PODS_XCFRAMEWORKS_BUILD_DIR}/FBSDKLoginKit/FBSDKLoginKit.framework/FBSDKLoginKit",
			);
			name = "[CP] Embed Pods Frameworks";
			outputPaths = (
				"${TARGET_BUILD_DIR}/${FRAMEWORKS_FOLDER_PATH}/AppAuth.framework",
				"${TARGET_BUILD_DIR}/${FRAMEWORKS_FOLDER_PATH}/openssl_grpc.framework",
				"${TARGET_BUILD_DIR}/${FRAMEWORKS_FOLDER_PATH}/DGCharts.framework",
				"${TARGET_BUILD_DIR}/${FRAMEWORKS_FOLDER_PATH}/FirebaseAnonymousAuthUI.framework",
				"${TARGET_BUILD_DIR}/${FRAMEWORKS_FOLDER_PATH}/FirebaseAppCheckInterop.framework",
				"${TARGET_BUILD_DIR}/${FRAMEWORKS_FOLDER_PATH}/FirebaseAuth.framework",
				"${TARGET_BUILD_DIR}/${FRAMEWORKS_FOLDER_PATH}/FirebaseAuthInterop.framework",
				"${TARGET_BUILD_DIR}/${FRAMEWORKS_FOLDER_PATH}/FirebaseAuthUI.framework",
				"${TARGET_BUILD_DIR}/${FRAMEWORKS_FOLDER_PATH}/FirebaseCore.framework",
				"${TARGET_BUILD_DIR}/${FRAMEWORKS_FOLDER_PATH}/FirebaseCoreExtension.framework",
				"${TARGET_BUILD_DIR}/${FRAMEWORKS_FOLDER_PATH}/FirebaseCoreInternal.framework",
				"${TARGET_BUILD_DIR}/${FRAMEWORKS_FOLDER_PATH}/FirebaseDatabase.framework",
				"${TARGET_BUILD_DIR}/${FRAMEWORKS_FOLDER_PATH}/FirebaseDatabaseUI.framework",
				"${TARGET_BUILD_DIR}/${FRAMEWORKS_FOLDER_PATH}/FirebaseEmailAuthUI.framework",
				"${TARGET_BUILD_DIR}/${FRAMEWORKS_FOLDER_PATH}/FirebaseFacebookAuthUI.framework",
				"${TARGET_BUILD_DIR}/${FRAMEWORKS_FOLDER_PATH}/FirebaseFirestore.framework",
				"${TARGET_BUILD_DIR}/${FRAMEWORKS_FOLDER_PATH}/FirebaseFirestoreUI.framework",
				"${TARGET_BUILD_DIR}/${FRAMEWORKS_FOLDER_PATH}/FirebaseGoogleAuthUI.framework",
				"${TARGET_BUILD_DIR}/${FRAMEWORKS_FOLDER_PATH}/FirebaseOAuthUI.framework",
				"${TARGET_BUILD_DIR}/${FRAMEWORKS_FOLDER_PATH}/FirebasePhoneAuthUI.framework",
				"${TARGET_BUILD_DIR}/${FRAMEWORKS_FOLDER_PATH}/FirebaseStorage.framework",
				"${TARGET_BUILD_DIR}/${FRAMEWORKS_FOLDER_PATH}/FirebaseStorageUI.framework",
				"${TARGET_BUILD_DIR}/${FRAMEWORKS_FOLDER_PATH}/GTMAppAuth.framework",
				"${TARGET_BUILD_DIR}/${FRAMEWORKS_FOLDER_PATH}/GTMSessionFetcher.framework",
				"${TARGET_BUILD_DIR}/${FRAMEWORKS_FOLDER_PATH}/GoogleSignIn.framework",
				"${TARGET_BUILD_DIR}/${FRAMEWORKS_FOLDER_PATH}/GoogleUtilities.framework",
				"${TARGET_BUILD_DIR}/${FRAMEWORKS_FOLDER_PATH}/KTCenterFlowLayout.framework",
				"${TARGET_BUILD_DIR}/${FRAMEWORKS_FOLDER_PATH}/uv.framework",
				"${TARGET_BUILD_DIR}/${FRAMEWORKS_FOLDER_PATH}/MKDropdownMenu.framework",
				"${TARGET_BUILD_DIR}/${FRAMEWORKS_FOLDER_PATH}/FBLPromises.framework",
				"${TARGET_BUILD_DIR}/${FRAMEWORKS_FOLDER_PATH}/RNCryptor.framework",
				"${TARGET_BUILD_DIR}/${FRAMEWORKS_FOLDER_PATH}/SDWebImage.framework",
				"${TARGET_BUILD_DIR}/${FRAMEWORKS_FOLDER_PATH}/SimplePDF.framework",
				"${TARGET_BUILD_DIR}/${FRAMEWORKS_FOLDER_PATH}/absl.framework",
				"${TARGET_BUILD_DIR}/${FRAMEWORKS_FOLDER_PATH}/grpcpp.framework",
				"${TARGET_BUILD_DIR}/${FRAMEWORKS_FOLDER_PATH}/grpc.framework",
				"${TARGET_BUILD_DIR}/${FRAMEWORKS_FOLDER_PATH}/leveldb.framework",
				"${TARGET_BUILD_DIR}/${FRAMEWORKS_FOLDER_PATH}/nanopb.framework",
				"${TARGET_BUILD_DIR}/${FRAMEWORKS_FOLDER_PATH}/FBAEMKit.framework",
				"${TARGET_BUILD_DIR}/${FRAMEWORKS_FOLDER_PATH}/FBSDKCoreKit.framework",
				"${TARGET_BUILD_DIR}/${FRAMEWORKS_FOLDER_PATH}/FBSDKCoreKit_Basics.framework",
				"${TARGET_BUILD_DIR}/${FRAMEWORKS_FOLDER_PATH}/FBSDKLoginKit.framework",
			);
			runOnlyForDeploymentPostprocessing = 0;
			shellPath = /bin/sh;
			shellScript = "\"${PODS_ROOT}/Target Support Files/Pods-Bizzy Books/Pods-Bizzy Books-frameworks.sh\"\n";
			showEnvVarsInLog = 0;
		};
		DA32EC267FF0B381D70E9FA6 /* [CP] Check Pods Manifest.lock */ = {
			isa = PBXShellScriptBuildPhase;
			buildActionMask = 2147483647;
			files = (
			);
			inputFileListPaths = (
			);
			inputPaths = (
				"${PODS_PODFILE_DIR_PATH}/Podfile.lock",
				"${PODS_ROOT}/Manifest.lock",
			);
			name = "[CP] Check Pods Manifest.lock";
			outputFileListPaths = (
			);
			outputPaths = (
				"$(DERIVED_FILE_DIR)/Pods-Bizzy Books-checkManifestLockResult.txt",
			);
			runOnlyForDeploymentPostprocessing = 0;
			shellPath = /bin/sh;
			shellScript = "diff \"${PODS_PODFILE_DIR_PATH}/Podfile.lock\" \"${PODS_ROOT}/Manifest.lock\" > /dev/null\nif [ $? != 0 ] ; then\n    # print error to STDERR\n    echo \"error: The sandbox is not in sync with the Podfile.lock. Run 'pod install' or update your CocoaPods installation.\" >&2\n    exit 1\nfi\n# This output is used by Xcode 'outputs' to avoid re-running this script phase.\necho \"SUCCESS\" > \"${SCRIPT_OUTPUT_FILE_0}\"\n";
			showEnvVarsInLog = 0;
		};
/* End PBXShellScriptBuildPhase section */

/* Begin PBXSourcesBuildPhase section */
		EB851E2F1D9578B2002D19F4 /* Sources */ = {
			isa = PBXSourcesBuildPhase;
			buildActionMask = 2147483647;
			files = (
				EBB77BD81EFC36240084D014 /* LabelTextFieldFlowCollectionViewDataSource.swift in Sources */,
				FAAE73321F01C6E600BF1156 /* DropdownFlowView.swift in Sources */,
				EB851E391D9578B2002D19F4 /* ViewController.swift in Sources */,
				EB761D6E1F12F3300022DC7C /* Just.swift in Sources */,
				EBB77BDC1EFE2ABC0084D014 /* UIColorCustom.swift in Sources */,
				EB3F93BA1DDD41900049C343 /* AddUniversal.swift in Sources */,
				EB5856AA1FB635CA006C6212 /* UniversalItem.swift in Sources */,
				EB2441B61FE5C856004EDC56 /* MultiversalItemViewModel.swift in Sources */,
				EB4392C01EF6077700C568C3 /* BizzyAuthViewController.swift in Sources */,
				EBB407F11FEB62FB00E307C2 /* UniversalProjectMediaCardViewCollectionViewCell.swift in Sources */,
				EBB77BDA1EFC37170084D014 /* LabelTextFieldFlowCells.swift in Sources */,
				EB2441B41FE2E5E3004EDC56 /* MultiversalItem.swift in Sources */,
				EB7C4DD023D78CB000FA1D6B /* AddEstimateItemCell.swift in Sources */,
				EBB407EB1FEB1B7700E307C2 /* ObtainProjectStatus.swift in Sources */,
				FA7B731D1EFC5785007A1AEA /* DropdownFlowCollectionViewCell.swift in Sources */,
				EBB407E91FEA10A400E307C2 /* MIProcessor.swift in Sources */,
				EBB407ED1FEB62B400E307C2 /* UniversalTransferCardViewCollectionViewCell.swift in Sources */,
				EB9E231221F569760091995D /* BusinessInfo.swift in Sources */,
				EB5856AE1FB63612006C6212 /* ProjectItem.swift in Sources */,
				EBB407F91FEC478E00E307C2 /* CardViewLabelFlowCollectionViewDataSourceTwo.swift in Sources */,
				EB190FC51F074EC700C80E07 /* CleanValue.swift in Sources */,
				EBD42D5E1FFB3E540004F896 /* CustomImageView.swift in Sources */,
				EB851E3F1D9578B2002D19F4 /* Bizzy_Books.xcdatamodeld in Sources */,
				EB05238E1FD0BAAF00C13E8C /* AllowedCharsTextField.swift in Sources */,
				EB5856AC1FB635E8006C6212 /* VehicleItem.swift in Sources */,
				EB2441CD1FE63054004EDC56 /* CardViewSentenceCell.swift in Sources */,
				EB2441C71FE61510004EDC56 /* VehicleCardViewCollectionViewCell.swift in Sources */,
				EBFCB08C22F3AAD80020C041 /* EstimateViewController.swift in Sources */,
				EBC54EB51FFA187600A03906 /* SearchItem.swift in Sources */,
				EB2441CF1FE6345F004EDC56 /* CardViewLabelFlowCollectionViewDataSource.swift in Sources */,
				EB2441BF1FE6148D004EDC56 /* ProjectCardViewCollectionViewCell.swift in Sources */,
				EB2441B21FE20C81004EDC56 /* EntityCardViewCollectionViewCell.swift in Sources */,
				FA7B73211EFC5983007A1AEA /* DropdownReusableView.swift in Sources */,
				EBB77BDE1EFE2D4D0084D014 /* UIColor+Hex.swift in Sources */,
				EBB407F51FEC402B00E307C2 /* CardViewSentenceTwoCell.swift in Sources */,
				EB851E371D9578B2002D19F4 /* AppDelegate.swift in Sources */,
				EB190FC71F0B3CC500C80E07 /* ContactsLogicManager.swift in Sources */,
				EB5856A81FB6352D006C6212 /* AccountItem.swift in Sources */,
				EB2441C31FE614CC004EDC56 /* AccountCardViewCollectionViewCell.swift in Sources */,
				EB952E3B1FFBFCFC006AA124 /* ProSubscriptionViewController.swift in Sources */,
				EB79E56823E48C56005482E3 /* EstimateItem.swift in Sources */,
				EB5856A61FB6311C006C6212 /* EntityItem.swift in Sources */,
				EBB407E51FE8120500E307C2 /* ObtainBalanceAfter.swift in Sources */,
				EBB407E71FE8A33F00E307C2 /* TheAmtSingleton.swift in Sources */,
				67FB9DD72B0D4FCC00456E26 /* ReportsViewController.swift in Sources */,
				EBB407E31FE7101000E307C2 /* StringifyAnInt.swift in Sources */,
				EB1915C81FD85B370078AA64 /* IAPProcessor.swift in Sources */,
				EB4EA8CB20111C56005D7552 /* Extensions.swift in Sources */,
				EBB77BD61EFC36070084D014 /* LabelTextFieldFlowItem.swift in Sources */,
				EB2441BB1FE613CF004EDC56 /* UniversalCardViewCollectionViewCell.swift in Sources */,
				EB2441AE1FE20BF6004EDC56 /* CardView.swift in Sources */,
				FA7B73181EFC572D007A1AEA /* LeftAlignedCollectionViewFlowLayout.swift in Sources */,
				EB7C4DCD23D7746C00FA1D6B /* EstimateItemViewCell.swift in Sources */,
			);
			runOnlyForDeploymentPostprocessing = 0;
		};
/* End PBXSourcesBuildPhase section */

/* Begin PBXVariantGroup section */
		EB851E3A1D9578B2002D19F4 /* Main.storyboard */ = {
			isa = PBXVariantGroup;
			children = (
				EB851E3B1D9578B2002D19F4 /* Base */,
			);
			name = Main.storyboard;
			sourceTree = "<group>";
		};
/* End PBXVariantGroup section */

/* Begin XCBuildConfiguration section */
		EB851E461D9578B2002D19F4 /* Debug */ = {
			isa = XCBuildConfiguration;
			buildSettings = {
				ALWAYS_SEARCH_USER_PATHS = NO;
				BUILD_LIBRARY_FOR_DISTRIBUTION = YES;
				CLANG_ANALYZER_NONNULL = YES;
				CLANG_CXX_LANGUAGE_STANDARD = "gnu++0x";
				CLANG_CXX_LIBRARY = "libc++";
				CLANG_ENABLE_MODULES = YES;
				CLANG_ENABLE_OBJC_ARC = YES;
				CLANG_WARN_BOOL_CONVERSION = YES;
				CLANG_WARN_CONSTANT_CONVERSION = YES;
				CLANG_WARN_DIRECT_OBJC_ISA_USAGE = YES_ERROR;
				CLANG_WARN_DOCUMENTATION_COMMENTS = YES;
				CLANG_WARN_EMPTY_BODY = YES;
				CLANG_WARN_ENUM_CONVERSION = YES;
				CLANG_WARN_INFINITE_RECURSION = YES;
				CLANG_WARN_INT_CONVERSION = YES;
				CLANG_WARN_OBJC_ROOT_CLASS = YES_ERROR;
				CLANG_WARN_SUSPICIOUS_MOVES = YES;
				CLANG_WARN_UNREACHABLE_CODE = YES;
				CLANG_WARN__DUPLICATE_METHOD_MATCH = YES;
				CODE_SIGN_IDENTITY = "iPhone Developer";
				"CODE_SIGN_IDENTITY[sdk=iphoneos*]" = "iPhone Developer";
				COPY_PHASE_STRIP = NO;
				DEBUG_INFORMATION_FORMAT = dwarf;
				ENABLE_STRICT_OBJC_MSGSEND = YES;
				ENABLE_TESTABILITY = YES;
				GCC_C_LANGUAGE_STANDARD = gnu99;
				GCC_DYNAMIC_NO_PIC = NO;
				GCC_NO_COMMON_BLOCKS = YES;
				GCC_OPTIMIZATION_LEVEL = 0;
				GCC_PREPROCESSOR_DEFINITIONS = (
					"DEBUG=1",
					"$(inherited)",
				);
				GCC_WARN_64_TO_32_BIT_CONVERSION = YES;
				GCC_WARN_ABOUT_RETURN_TYPE = YES_ERROR;
				GCC_WARN_UNDECLARED_SELECTOR = YES;
				GCC_WARN_UNINITIALIZED_AUTOS = YES_AGGRESSIVE;
				GCC_WARN_UNUSED_FUNCTION = YES;
				GCC_WARN_UNUSED_VARIABLE = YES;
				IPHONEOS_DEPLOYMENT_TARGET = 13.0;
				MTL_ENABLE_DEBUG_INFO = YES;
				ONLY_ACTIVE_ARCH = YES;
				SDKROOT = iphoneos;
				SWIFT_ACTIVE_COMPILATION_CONDITIONS = DEBUG;
				SWIFT_OPTIMIZATION_LEVEL = "-Onone";
				TARGETED_DEVICE_FAMILY = "1,2";
			};
			name = Debug;
		};
		EB851E471D9578B2002D19F4 /* Release */ = {
			isa = XCBuildConfiguration;
			buildSettings = {
				ALWAYS_SEARCH_USER_PATHS = NO;
				BUILD_LIBRARY_FOR_DISTRIBUTION = YES;
				CLANG_ANALYZER_NONNULL = YES;
				CLANG_CXX_LANGUAGE_STANDARD = "gnu++0x";
				CLANG_CXX_LIBRARY = "libc++";
				CLANG_ENABLE_MODULES = YES;
				CLANG_ENABLE_OBJC_ARC = YES;
				CLANG_WARN_BOOL_CONVERSION = YES;
				CLANG_WARN_CONSTANT_CONVERSION = YES;
				CLANG_WARN_DIRECT_OBJC_ISA_USAGE = YES_ERROR;
				CLANG_WARN_DOCUMENTATION_COMMENTS = YES;
				CLANG_WARN_EMPTY_BODY = YES;
				CLANG_WARN_ENUM_CONVERSION = YES;
				CLANG_WARN_INFINITE_RECURSION = YES;
				CLANG_WARN_INT_CONVERSION = YES;
				CLANG_WARN_OBJC_ROOT_CLASS = YES_ERROR;
				CLANG_WARN_SUSPICIOUS_MOVES = YES;
				CLANG_WARN_UNREACHABLE_CODE = YES;
				CLANG_WARN__DUPLICATE_METHOD_MATCH = YES;
				CODE_SIGN_IDENTITY = "iPhone Developer";
				"CODE_SIGN_IDENTITY[sdk=iphoneos*]" = "iPhone Developer";
				COPY_PHASE_STRIP = NO;
				DEBUG_INFORMATION_FORMAT = "dwarf-with-dsym";
				ENABLE_NS_ASSERTIONS = NO;
				ENABLE_STRICT_OBJC_MSGSEND = YES;
				GCC_C_LANGUAGE_STANDARD = gnu99;
				GCC_NO_COMMON_BLOCKS = YES;
				GCC_WARN_64_TO_32_BIT_CONVERSION = YES;
				GCC_WARN_ABOUT_RETURN_TYPE = YES_ERROR;
				GCC_WARN_UNDECLARED_SELECTOR = YES;
				GCC_WARN_UNINITIALIZED_AUTOS = YES_AGGRESSIVE;
				GCC_WARN_UNUSED_FUNCTION = YES;
				GCC_WARN_UNUSED_VARIABLE = YES;
				IPHONEOS_DEPLOYMENT_TARGET = 13.0;
				MTL_ENABLE_DEBUG_INFO = NO;
				SDKROOT = iphoneos;
				SWIFT_COMPILATION_MODE = wholemodule;
				SWIFT_OPTIMIZATION_LEVEL = "-O";
				TARGETED_DEVICE_FAMILY = "1,2";
				VALIDATE_PRODUCT = YES;
			};
			name = Release;
		};
		EB851E491D9578B2002D19F4 /* Debug */ = {
			isa = XCBuildConfiguration;
			baseConfigurationReference = 808C780A9837EEEF92B59CFF /* Pods-Bizzy Books.debug.xcconfig */;
			buildSettings = {
				ASSETCATALOG_COMPILER_APPICON_NAME = AppIcon;
				BUILD_LIBRARY_FOR_DISTRIBUTION = YES;
				CLANG_ALLOW_NON_MODULAR_INCLUDES_IN_FRAMEWORK_MODULES = NO;
				CODE_SIGN_ENTITLEMENTS = "Bizzy Books/Bizzy Books.entitlements";
				"CODE_SIGN_IDENTITY[sdk=iphoneos*]" = "iPhone Developer";
				CURRENT_PROJECT_VERSION = 1.34;
				DEVELOPMENT_TEAM = ALC53N96R3;
				ENABLE_BITCODE = NO;
				INFOPLIST_FILE = "Bizzy Books/Info.plist";
				IPHONEOS_DEPLOYMENT_TARGET = 13.0;
				LD_RUNPATH_SEARCH_PATHS = (
					"$(inherited)",
					"@executable_path/Frameworks",
				);
				MARKETING_VERSION = 1.22;
				ONLY_ACTIVE_ARCH = YES;
				OTHER_LDFLAGS = "$(inherited)";
				PRODUCT_BUNDLE_IDENTIFIER = com.bizzybooks.BizzyBooks;
				PRODUCT_NAME = "$(TARGET_NAME)";
				SWIFT_SWIFT3_OBJC_INFERENCE = On;
				SWIFT_VERSION = 5.0;
				VALID_ARCHS = "arm64 armv7 armv7s x86_64";
			};
			name = Debug;
		};
		EB851E4A1D9578B2002D19F4 /* Release */ = {
			isa = XCBuildConfiguration;
			baseConfigurationReference = 8A5ECD6A4E636829B304F247 /* Pods-Bizzy Books.release.xcconfig */;
			buildSettings = {
				ASSETCATALOG_COMPILER_APPICON_NAME = AppIcon;
				BUILD_LIBRARY_FOR_DISTRIBUTION = YES;
				CLANG_ALLOW_NON_MODULAR_INCLUDES_IN_FRAMEWORK_MODULES = NO;
				CODE_SIGN_ENTITLEMENTS = "Bizzy Books/Bizzy Books.entitlements";
				"CODE_SIGN_IDENTITY[sdk=iphoneos*]" = "iPhone Developer";
				CURRENT_PROJECT_VERSION = 1.34;
				DEBUG_INFORMATION_FORMAT = dwarf;
				DEVELOPMENT_TEAM = ALC53N96R3;
				ENABLE_BITCODE = NO;
				INFOPLIST_FILE = "Bizzy Books/Info.plist";
				IPHONEOS_DEPLOYMENT_TARGET = 13.0;
				LD_RUNPATH_SEARCH_PATHS = (
					"$(inherited)",
					"@executable_path/Frameworks",
				);
				MARKETING_VERSION = 1.22;
				ONLY_ACTIVE_ARCH = NO;
				OTHER_LDFLAGS = "$(inherited)";
				PRODUCT_BUNDLE_IDENTIFIER = com.bizzybooks.BizzyBooks;
				PRODUCT_NAME = "$(TARGET_NAME)";
				SWIFT_SWIFT3_OBJC_INFERENCE = On;
				SWIFT_VERSION = 5.0;
				VALID_ARCHS = "arm64 armv7 armv7s x86_64";
			};
			name = Release;
		};
/* End XCBuildConfiguration section */

/* Begin XCConfigurationList section */
		EB851E2E1D9578B2002D19F4 /* Build configuration list for PBXProject "Bizzy Books" */ = {
			isa = XCConfigurationList;
			buildConfigurations = (
				EB851E461D9578B2002D19F4 /* Debug */,
				EB851E471D9578B2002D19F4 /* Release */,
			);
			defaultConfigurationIsVisible = 0;
			defaultConfigurationName = Release;
		};
		EB851E481D9578B2002D19F4 /* Build configuration list for PBXNativeTarget "Bizzy Books" */ = {
			isa = XCConfigurationList;
			buildConfigurations = (
				EB851E491D9578B2002D19F4 /* Debug */,
				EB851E4A1D9578B2002D19F4 /* Release */,
			);
			defaultConfigurationIsVisible = 0;
			defaultConfigurationName = Release;
		};
/* End XCConfigurationList section */

/* Begin XCRemoteSwiftPackageReference section */
		67E467912B0DA2B40049482C /* XCRemoteSwiftPackageReference "Charts" */ = {
			isa = XCRemoteSwiftPackageReference;
			repositoryURL = "https://github.com/danielgindi/Charts";
			requirement = {
				kind = upToNextMajorVersion;
				minimumVersion = 5.0.0;
			};
		};
/* End XCRemoteSwiftPackageReference section */

/* Begin XCVersionGroup section */
		EB851E3D1D9578B2002D19F4 /* Bizzy_Books.xcdatamodeld */ = {
			isa = XCVersionGroup;
			children = (
				EB851E3E1D9578B2002D19F4 /* Bizzy_Books.xcdatamodel */,
			);
			currentVersion = EB851E3E1D9578B2002D19F4 /* Bizzy_Books.xcdatamodel */;
			path = Bizzy_Books.xcdatamodeld;
			sourceTree = "<group>";
			versionGroupType = wrapper.xcdatamodel;
		};
/* End XCVersionGroup section */
	};
	rootObject = EB851E2B1D9578B2002D19F4 /* Project object */;
}
