// !$*UTF8*$!
{
	archiveVersion = 1;
	classes = {
	};
	objectVersion = 46;
	objects = {

/* Begin PBXBuildFile section */
		653EA8D6F5F1C59D8F85C66D /* Pods_Bizzy_Books.framework in Frameworks */ = {isa = PBXBuildFile; fileRef = FCBDE88203BDBADDF78AB99F /* Pods_Bizzy_Books.framework */; };
		EB007BA91FB7CF0C00014769 /* UniversalItemType.swift in Sources */ = {isa = PBXBuildFile; fileRef = EB007BA81FB7CF0C00014769 /* UniversalItemType.swift */; };
		EB007BAB1FB7DDC300014769 /* TaxReasonItem.swift in Sources */ = {isa = PBXBuildFile; fileRef = EB007BAA1FB7DDC300014769 /* TaxReasonItem.swift */; };
		EB007BAD1FB7E30200014769 /* WorkersCompItem.swift in Sources */ = {isa = PBXBuildFile; fileRef = EB007BAC1FB7E30200014769 /* WorkersCompItem.swift */; };
		EB007BAF1FB7E39A00014769 /* AdvertisingMeansItem.swift in Sources */ = {isa = PBXBuildFile; fileRef = EB007BAE1FB7E39A00014769 /* AdvertisingMeansItem.swift */; };
		EB007BB11FB7E7DB00014769 /* PersonalReasonItem.swift in Sources */ = {isa = PBXBuildFile; fileRef = EB007BB01FB7E7DB00014769 /* PersonalReasonItem.swift */; };
		EB007BB31FB7E97100014769 /* FuelTypeItem.swift in Sources */ = {isa = PBXBuildFile; fileRef = EB007BB21FB7E97100014769 /* FuelTypeItem.swift */; };
		EB007BB51FB7F39E00014769 /* ProjectDocItem.swift in Sources */ = {isa = PBXBuildFile; fileRef = EB007BB41FB7F39E00014769 /* ProjectDocItem.swift */; };
		EB05238E1FD0BAAF00C13E8C /* AllowedCharsTextField.swift in Sources */ = {isa = PBXBuildFile; fileRef = EB05238D1FD0BAAF00C13E8C /* AllowedCharsTextField.swift */; };
		EB0B96671FD8744700E8829C /* LaunchScreen.storyboard in Resources */ = {isa = PBXBuildFile; fileRef = EB0B96661FD8744700E8829C /* LaunchScreen.storyboard */; };
		EB0B966B1FDCA61100E8829C /* MapKit.framework in Frameworks */ = {isa = PBXBuildFile; fileRef = EB0B966A1FDCA61100E8829C /* MapKit.framework */; };
		EB190FC51F074EC700C80E07 /* CleanValue.swift in Sources */ = {isa = PBXBuildFile; fileRef = EB190FC41F074EC700C80E07 /* CleanValue.swift */; };
		EB190FC71F0B3CC500C80E07 /* ContactsLogicManager.swift in Sources */ = {isa = PBXBuildFile; fileRef = EB190FC61F0B3CC500C80E07 /* ContactsLogicManager.swift */; };
		EB1915C61FD768DD0078AA64 /* StoreKit.framework in Frameworks */ = {isa = PBXBuildFile; fileRef = EB1915C51FD768DD0078AA64 /* StoreKit.framework */; };
		EB1915C81FD85B370078AA64 /* IAPProcessor.swift in Sources */ = {isa = PBXBuildFile; fileRef = EB1915C71FD85B370078AA64 /* IAPProcessor.swift */; };
		EB2441AE1FE20BF6004EDC56 /* CardView.swift in Sources */ = {isa = PBXBuildFile; fileRef = EB2441AD1FE20BF6004EDC56 /* CardView.swift */; };
		EB2441B01FE20C44004EDC56 /* EntityCardViewCollectionViewCell.xib in Resources */ = {isa = PBXBuildFile; fileRef = EB2441AF1FE20C44004EDC56 /* EntityCardViewCollectionViewCell.xib */; };
		EB2441B21FE20C81004EDC56 /* EntityCardViewCollectionViewCell.swift in Sources */ = {isa = PBXBuildFile; fileRef = EB2441B11FE20C81004EDC56 /* EntityCardViewCollectionViewCell.swift */; };
		EB2441B41FE2E5E3004EDC56 /* MultiversalItem.swift in Sources */ = {isa = PBXBuildFile; fileRef = EB2441B31FE2E5E3004EDC56 /* MultiversalItem.swift */; };
		EB2441B61FE5C856004EDC56 /* MultiversalItemViewModel.swift in Sources */ = {isa = PBXBuildFile; fileRef = EB2441B51FE5C856004EDC56 /* MultiversalItemViewModel.swift */; };
		EB2441B91FE5CC9C004EDC56 /* MultiversalItemViewModelController.swift in Sources */ = {isa = PBXBuildFile; fileRef = EB2441B81FE5CC9C004EDC56 /* MultiversalItemViewModelController.swift */; };
		EB2441BB1FE613CF004EDC56 /* UniversalCardViewCollectionViewCell.swift in Sources */ = {isa = PBXBuildFile; fileRef = EB2441BA1FE613CF004EDC56 /* UniversalCardViewCollectionViewCell.swift */; };
		EB2441BD1FE6143C004EDC56 /* UniversalCardViewCollectionViewCell.xib in Resources */ = {isa = PBXBuildFile; fileRef = EB2441BC1FE6143C004EDC56 /* UniversalCardViewCollectionViewCell.xib */; };
		EB2441BF1FE6148D004EDC56 /* ProjectCardViewCollectionViewCell.swift in Sources */ = {isa = PBXBuildFile; fileRef = EB2441BE1FE6148D004EDC56 /* ProjectCardViewCollectionViewCell.swift */; };
		EB2441C11FE614B5004EDC56 /* ProjectCardViewCollectionViewCell.xib in Resources */ = {isa = PBXBuildFile; fileRef = EB2441C01FE614B5004EDC56 /* ProjectCardViewCollectionViewCell.xib */; };
		EB2441C31FE614CC004EDC56 /* AccountCardViewCollectionViewCell.swift in Sources */ = {isa = PBXBuildFile; fileRef = EB2441C21FE614CC004EDC56 /* AccountCardViewCollectionViewCell.swift */; };
		EB2441C51FE614F6004EDC56 /* AccountCardViewCollectionViewCell.xib in Resources */ = {isa = PBXBuildFile; fileRef = EB2441C41FE614F6004EDC56 /* AccountCardViewCollectionViewCell.xib */; };
		EB2441C71FE61510004EDC56 /* VehicleCardViewCollectionViewCell.swift in Sources */ = {isa = PBXBuildFile; fileRef = EB2441C61FE61510004EDC56 /* VehicleCardViewCollectionViewCell.swift */; };
		EB2441C91FE6152E004EDC56 /* VehicleCardViewCollectionViewCell.xib in Resources */ = {isa = PBXBuildFile; fileRef = EB2441C81FE6152E004EDC56 /* VehicleCardViewCollectionViewCell.xib */; };
		EB2441CB1FE62D88004EDC56 /* CardViewSentenceCell.xib in Resources */ = {isa = PBXBuildFile; fileRef = EB2441CA1FE62D88004EDC56 /* CardViewSentenceCell.xib */; };
		EB2441CD1FE63054004EDC56 /* CardViewSentenceCell.swift in Sources */ = {isa = PBXBuildFile; fileRef = EB2441CC1FE63054004EDC56 /* CardViewSentenceCell.swift */; };
		EB2441CF1FE6345F004EDC56 /* CardViewLabelFlowCollectionViewDataSource.swift in Sources */ = {isa = PBXBuildFile; fileRef = EB2441CE1FE6345F004EDC56 /* CardViewLabelFlowCollectionViewDataSource.swift */; };
		EB3F93BA1DDD41900049C343 /* AddUniversal.swift in Sources */ = {isa = PBXBuildFile; fileRef = EB3F93B91DDD41900049C343 /* AddUniversal.swift */; };
		EB4392C01EF6077700C568C3 /* BizzyAuthViewController.swift in Sources */ = {isa = PBXBuildFile; fileRef = EB4392BF1EF6077700C568C3 /* BizzyAuthViewController.swift */; };
		EB4734941DE25BD900F6928E /* Assets.xcassets in Resources */ = {isa = PBXBuildFile; fileRef = EB4734931DE25BD900F6928E /* Assets.xcassets */; };
		EB5856A61FB6311C006C6212 /* EntityItem.swift in Sources */ = {isa = PBXBuildFile; fileRef = EB5856A51FB6311C006C6212 /* EntityItem.swift */; };
		EB5856A81FB6352D006C6212 /* AccountItem.swift in Sources */ = {isa = PBXBuildFile; fileRef = EB5856A71FB6352D006C6212 /* AccountItem.swift */; };
		EB5856AA1FB635CA006C6212 /* UniversalItem.swift in Sources */ = {isa = PBXBuildFile; fileRef = EB5856A91FB635CA006C6212 /* UniversalItem.swift */; };
		EB5856AC1FB635E8006C6212 /* VehicleItem.swift in Sources */ = {isa = PBXBuildFile; fileRef = EB5856AB1FB635E8006C6212 /* VehicleItem.swift */; };
		EB5856AE1FB63612006C6212 /* ProjectItem.swift in Sources */ = {isa = PBXBuildFile; fileRef = EB5856AD1FB63612006C6212 /* ProjectItem.swift */; };
		EB761D6E1F12F3300022DC7C /* Just.swift in Sources */ = {isa = PBXBuildFile; fileRef = EB761D6D1F12F3300022DC7C /* Just.swift */; };
		EB851E371D9578B2002D19F4 /* AppDelegate.swift in Sources */ = {isa = PBXBuildFile; fileRef = EB851E361D9578B2002D19F4 /* AppDelegate.swift */; };
		EB851E391D9578B2002D19F4 /* ViewController.swift in Sources */ = {isa = PBXBuildFile; fileRef = EB851E381D9578B2002D19F4 /* ViewController.swift */; };
		EB851E3C1D9578B2002D19F4 /* Main.storyboard in Resources */ = {isa = PBXBuildFile; fileRef = EB851E3A1D9578B2002D19F4 /* Main.storyboard */; };
		EB851E3F1D9578B2002D19F4 /* Bizzy_Books.xcdatamodeld in Sources */ = {isa = PBXBuildFile; fileRef = EB851E3D1D9578B2002D19F4 /* Bizzy_Books.xcdatamodeld */; };
		EB851E4C1D957932002D19F4 /* GoogleService-Info.plist in Resources */ = {isa = PBXBuildFile; fileRef = EB851E4B1D957932002D19F4 /* GoogleService-Info.plist */; };
		EBB407E31FE7101000E307C2 /* StringifyAnInt.swift in Sources */ = {isa = PBXBuildFile; fileRef = EBB407E21FE7101000E307C2 /* StringifyAnInt.swift */; };
		EBB77BD61EFC36070084D014 /* LabelTextFieldFlowItem.swift in Sources */ = {isa = PBXBuildFile; fileRef = EBB77BD51EFC36070084D014 /* LabelTextFieldFlowItem.swift */; };
		EBB77BD81EFC36240084D014 /* LabelTextFieldFlowCollectionViewDataSource.swift in Sources */ = {isa = PBXBuildFile; fileRef = EBB77BD71EFC36240084D014 /* LabelTextFieldFlowCollectionViewDataSource.swift */; };
		EBB77BDA1EFC37170084D014 /* LabelTextFieldFlowCells.swift in Sources */ = {isa = PBXBuildFile; fileRef = EBB77BD91EFC37170084D014 /* LabelTextFieldFlowCells.swift */; };
		EBB77BDC1EFE2ABC0084D014 /* UIColorCustom.swift in Sources */ = {isa = PBXBuildFile; fileRef = EBB77BDB1EFE2ABC0084D014 /* UIColorCustom.swift */; };
		EBB77BDE1EFE2D4D0084D014 /* UIColor+Hex.swift in Sources */ = {isa = PBXBuildFile; fileRef = EBB77BDD1EFE2D4D0084D014 /* UIColor+Hex.swift */; };
		FA7B73181EFC572D007A1AEA /* LeftAlignedCollectionViewFlowLayout.swift in Sources */ = {isa = PBXBuildFile; fileRef = FA7B73171EFC572D007A1AEA /* LeftAlignedCollectionViewFlowLayout.swift */; };
		FA7B731D1EFC5785007A1AEA /* DropdownFlowCollectionViewCell.swift in Sources */ = {isa = PBXBuildFile; fileRef = FA7B731C1EFC5785007A1AEA /* DropdownFlowCollectionViewCell.swift */; };
		FA7B731F1EFC5976007A1AEA /* DropdownReusableView.xib in Resources */ = {isa = PBXBuildFile; fileRef = FA7B731E1EFC5976007A1AEA /* DropdownReusableView.xib */; };
		FA7B73211EFC5983007A1AEA /* DropdownReusableView.swift in Sources */ = {isa = PBXBuildFile; fileRef = FA7B73201EFC5983007A1AEA /* DropdownReusableView.swift */; };
		FAAE73321F01C6E600BF1156 /* DropdownFlowView.swift in Sources */ = {isa = PBXBuildFile; fileRef = FAAE73311F01C6E600BF1156 /* DropdownFlowView.swift */; };
/* End PBXBuildFile section */

/* Begin PBXFileReference section */
		9DE2B4832FAEA528FBE1F884 /* Pods-Bizzy Books.release.xcconfig */ = {isa = PBXFileReference; includeInIndex = 1; lastKnownFileType = text.xcconfig; name = "Pods-Bizzy Books.release.xcconfig"; path = "Pods/Target Support Files/Pods-Bizzy Books/Pods-Bizzy Books.release.xcconfig"; sourceTree = "<group>"; };
		DAE81F3807A80CD9FA53863E /* Pods-Bizzy Books.debug.xcconfig */ = {isa = PBXFileReference; includeInIndex = 1; lastKnownFileType = text.xcconfig; name = "Pods-Bizzy Books.debug.xcconfig"; path = "Pods/Target Support Files/Pods-Bizzy Books/Pods-Bizzy Books.debug.xcconfig"; sourceTree = "<group>"; };
		EB007BA81FB7CF0C00014769 /* UniversalItemType.swift */ = {isa = PBXFileReference; lastKnownFileType = sourcecode.swift; path = UniversalItemType.swift; sourceTree = "<group>"; };
		EB007BAA1FB7DDC300014769 /* TaxReasonItem.swift */ = {isa = PBXFileReference; lastKnownFileType = sourcecode.swift; path = TaxReasonItem.swift; sourceTree = "<group>"; };
		EB007BAC1FB7E30200014769 /* WorkersCompItem.swift */ = {isa = PBXFileReference; lastKnownFileType = sourcecode.swift; path = WorkersCompItem.swift; sourceTree = "<group>"; };
		EB007BAE1FB7E39A00014769 /* AdvertisingMeansItem.swift */ = {isa = PBXFileReference; lastKnownFileType = sourcecode.swift; path = AdvertisingMeansItem.swift; sourceTree = "<group>"; };
		EB007BB01FB7E7DB00014769 /* PersonalReasonItem.swift */ = {isa = PBXFileReference; lastKnownFileType = sourcecode.swift; path = PersonalReasonItem.swift; sourceTree = "<group>"; };
		EB007BB21FB7E97100014769 /* FuelTypeItem.swift */ = {isa = PBXFileReference; lastKnownFileType = sourcecode.swift; path = FuelTypeItem.swift; sourceTree = "<group>"; };
		EB007BB41FB7F39E00014769 /* ProjectDocItem.swift */ = {isa = PBXFileReference; lastKnownFileType = sourcecode.swift; path = ProjectDocItem.swift; sourceTree = "<group>"; };
		EB05238D1FD0BAAF00C13E8C /* AllowedCharsTextField.swift */ = {isa = PBXFileReference; lastKnownFileType = sourcecode.swift; path = AllowedCharsTextField.swift; sourceTree = "<group>"; };
		EB0B96661FD8744700E8829C /* LaunchScreen.storyboard */ = {isa = PBXFileReference; lastKnownFileType = file.storyboard; path = LaunchScreen.storyboard; sourceTree = "<group>"; };
		EB0B966A1FDCA61100E8829C /* MapKit.framework */ = {isa = PBXFileReference; lastKnownFileType = wrapper.framework; name = MapKit.framework; path = System/Library/Frameworks/MapKit.framework; sourceTree = SDKROOT; };
		EB190FC41F074EC700C80E07 /* CleanValue.swift */ = {isa = PBXFileReference; fileEncoding = 4; lastKnownFileType = sourcecode.swift; path = CleanValue.swift; sourceTree = "<group>"; };
		EB190FC61F0B3CC500C80E07 /* ContactsLogicManager.swift */ = {isa = PBXFileReference; fileEncoding = 4; lastKnownFileType = sourcecode.swift; path = ContactsLogicManager.swift; sourceTree = "<group>"; };
		EB1915C51FD768DD0078AA64 /* StoreKit.framework */ = {isa = PBXFileReference; lastKnownFileType = wrapper.framework; name = StoreKit.framework; path = System/Library/Frameworks/StoreKit.framework; sourceTree = SDKROOT; };
		EB1915C71FD85B370078AA64 /* IAPProcessor.swift */ = {isa = PBXFileReference; lastKnownFileType = sourcecode.swift; path = IAPProcessor.swift; sourceTree = "<group>"; };
		EB2441AD1FE20BF6004EDC56 /* CardView.swift */ = {isa = PBXFileReference; lastKnownFileType = sourcecode.swift; path = CardView.swift; sourceTree = "<group>"; };
		EB2441AF1FE20C44004EDC56 /* EntityCardViewCollectionViewCell.xib */ = {isa = PBXFileReference; lastKnownFileType = file.xib; path = EntityCardViewCollectionViewCell.xib; sourceTree = "<group>"; };
		EB2441B11FE20C81004EDC56 /* EntityCardViewCollectionViewCell.swift */ = {isa = PBXFileReference; lastKnownFileType = sourcecode.swift; path = EntityCardViewCollectionViewCell.swift; sourceTree = "<group>"; };
		EB2441B31FE2E5E3004EDC56 /* MultiversalItem.swift */ = {isa = PBXFileReference; lastKnownFileType = sourcecode.swift; path = MultiversalItem.swift; sourceTree = "<group>"; };
		EB2441B51FE5C856004EDC56 /* MultiversalItemViewModel.swift */ = {isa = PBXFileReference; lastKnownFileType = sourcecode.swift; path = MultiversalItemViewModel.swift; sourceTree = "<group>"; };
		EB2441B81FE5CC9C004EDC56 /* MultiversalItemViewModelController.swift */ = {isa = PBXFileReference; lastKnownFileType = sourcecode.swift; path = MultiversalItemViewModelController.swift; sourceTree = "<group>"; };
		EB2441BA1FE613CF004EDC56 /* UniversalCardViewCollectionViewCell.swift */ = {isa = PBXFileReference; lastKnownFileType = sourcecode.swift; path = UniversalCardViewCollectionViewCell.swift; sourceTree = "<group>"; };
		EB2441BC1FE6143C004EDC56 /* UniversalCardViewCollectionViewCell.xib */ = {isa = PBXFileReference; lastKnownFileType = file.xib; path = UniversalCardViewCollectionViewCell.xib; sourceTree = "<group>"; };
		EB2441BE1FE6148D004EDC56 /* ProjectCardViewCollectionViewCell.swift */ = {isa = PBXFileReference; lastKnownFileType = sourcecode.swift; path = ProjectCardViewCollectionViewCell.swift; sourceTree = "<group>"; };
		EB2441C01FE614B5004EDC56 /* ProjectCardViewCollectionViewCell.xib */ = {isa = PBXFileReference; lastKnownFileType = file.xib; path = ProjectCardViewCollectionViewCell.xib; sourceTree = "<group>"; };
		EB2441C21FE614CC004EDC56 /* AccountCardViewCollectionViewCell.swift */ = {isa = PBXFileReference; lastKnownFileType = sourcecode.swift; path = AccountCardViewCollectionViewCell.swift; sourceTree = "<group>"; };
		EB2441C41FE614F6004EDC56 /* AccountCardViewCollectionViewCell.xib */ = {isa = PBXFileReference; lastKnownFileType = file.xib; path = AccountCardViewCollectionViewCell.xib; sourceTree = "<group>"; };
		EB2441C61FE61510004EDC56 /* VehicleCardViewCollectionViewCell.swift */ = {isa = PBXFileReference; lastKnownFileType = sourcecode.swift; path = VehicleCardViewCollectionViewCell.swift; sourceTree = "<group>"; };
		EB2441C81FE6152E004EDC56 /* VehicleCardViewCollectionViewCell.xib */ = {isa = PBXFileReference; lastKnownFileType = file.xib; path = VehicleCardViewCollectionViewCell.xib; sourceTree = "<group>"; };
		EB2441CA1FE62D88004EDC56 /* CardViewSentenceCell.xib */ = {isa = PBXFileReference; lastKnownFileType = file.xib; path = CardViewSentenceCell.xib; sourceTree = "<group>"; };
		EB2441CC1FE63054004EDC56 /* CardViewSentenceCell.swift */ = {isa = PBXFileReference; lastKnownFileType = sourcecode.swift; path = CardViewSentenceCell.swift; sourceTree = "<group>"; };
		EB2441CE1FE6345F004EDC56 /* CardViewLabelFlowCollectionViewDataSource.swift */ = {isa = PBXFileReference; lastKnownFileType = sourcecode.swift; path = CardViewLabelFlowCollectionViewDataSource.swift; sourceTree = "<group>"; };
		EB3F93B91DDD41900049C343 /* AddUniversal.swift */ = {isa = PBXFileReference; fileEncoding = 4; lastKnownFileType = sourcecode.swift; path = AddUniversal.swift; sourceTree = "<group>"; };
		EB4392BF1EF6077700C568C3 /* BizzyAuthViewController.swift */ = {isa = PBXFileReference; fileEncoding = 4; lastKnownFileType = sourcecode.swift; path = BizzyAuthViewController.swift; sourceTree = "<group>"; };
		EB4734931DE25BD900F6928E /* Assets.xcassets */ = {isa = PBXFileReference; lastKnownFileType = folder.assetcatalog; path = Assets.xcassets; sourceTree = "<group>"; };
		EB5856A51FB6311C006C6212 /* EntityItem.swift */ = {isa = PBXFileReference; lastKnownFileType = sourcecode.swift; path = EntityItem.swift; sourceTree = "<group>"; };
		EB5856A71FB6352D006C6212 /* AccountItem.swift */ = {isa = PBXFileReference; lastKnownFileType = sourcecode.swift; path = AccountItem.swift; sourceTree = "<group>"; };
		EB5856A91FB635CA006C6212 /* UniversalItem.swift */ = {isa = PBXFileReference; lastKnownFileType = sourcecode.swift; path = UniversalItem.swift; sourceTree = "<group>"; };
		EB5856AB1FB635E8006C6212 /* VehicleItem.swift */ = {isa = PBXFileReference; lastKnownFileType = sourcecode.swift; path = VehicleItem.swift; sourceTree = "<group>"; };
		EB5856AD1FB63612006C6212 /* ProjectItem.swift */ = {isa = PBXFileReference; lastKnownFileType = sourcecode.swift; path = ProjectItem.swift; sourceTree = "<group>"; };
		EB761D6D1F12F3300022DC7C /* Just.swift */ = {isa = PBXFileReference; fileEncoding = 4; lastKnownFileType = sourcecode.swift; path = Just.swift; sourceTree = "<group>"; };
		EB7D51D71D95863F0016E63D /* Bizzy Books.entitlements */ = {isa = PBXFileReference; lastKnownFileType = text.plist.entitlements; path = "Bizzy Books.entitlements"; sourceTree = "<group>"; };
		EB851E331D9578B2002D19F4 /* Bizzy Books.app */ = {isa = PBXFileReference; explicitFileType = wrapper.application; includeInIndex = 0; path = "Bizzy Books.app"; sourceTree = BUILT_PRODUCTS_DIR; };
		EB851E361D9578B2002D19F4 /* AppDelegate.swift */ = {isa = PBXFileReference; lastKnownFileType = sourcecode.swift; path = AppDelegate.swift; sourceTree = "<group>"; };
		EB851E381D9578B2002D19F4 /* ViewController.swift */ = {isa = PBXFileReference; lastKnownFileType = sourcecode.swift; path = ViewController.swift; sourceTree = "<group>"; };
		EB851E3B1D9578B2002D19F4 /* Base */ = {isa = PBXFileReference; lastKnownFileType = file.storyboard; name = Base; path = Base.lproj/Main.storyboard; sourceTree = "<group>"; };
		EB851E3E1D9578B2002D19F4 /* Bizzy_Books.xcdatamodel */ = {isa = PBXFileReference; lastKnownFileType = wrapper.xcdatamodel; path = Bizzy_Books.xcdatamodel; sourceTree = "<group>"; };
		EB851E451D9578B2002D19F4 /* Info.plist */ = {isa = PBXFileReference; lastKnownFileType = text.plist.xml; path = Info.plist; sourceTree = "<group>"; };
		EB851E4B1D957932002D19F4 /* GoogleService-Info.plist */ = {isa = PBXFileReference; fileEncoding = 4; lastKnownFileType = text.plist.xml; path = "GoogleService-Info.plist"; sourceTree = "<group>"; };
		EBB407E21FE7101000E307C2 /* StringifyAnInt.swift */ = {isa = PBXFileReference; lastKnownFileType = sourcecode.swift; path = StringifyAnInt.swift; sourceTree = "<group>"; };
		EBB77BD51EFC36070084D014 /* LabelTextFieldFlowItem.swift */ = {isa = PBXFileReference; fileEncoding = 4; lastKnownFileType = sourcecode.swift; path = LabelTextFieldFlowItem.swift; sourceTree = "<group>"; };
		EBB77BD71EFC36240084D014 /* LabelTextFieldFlowCollectionViewDataSource.swift */ = {isa = PBXFileReference; fileEncoding = 4; lastKnownFileType = sourcecode.swift; path = LabelTextFieldFlowCollectionViewDataSource.swift; sourceTree = "<group>"; };
		EBB77BD91EFC37170084D014 /* LabelTextFieldFlowCells.swift */ = {isa = PBXFileReference; fileEncoding = 4; lastKnownFileType = sourcecode.swift; path = LabelTextFieldFlowCells.swift; sourceTree = "<group>"; };
		EBB77BDB1EFE2ABC0084D014 /* UIColorCustom.swift */ = {isa = PBXFileReference; fileEncoding = 4; lastKnownFileType = sourcecode.swift; path = UIColorCustom.swift; sourceTree = "<group>"; };
		EBB77BDD1EFE2D4D0084D014 /* UIColor+Hex.swift */ = {isa = PBXFileReference; fileEncoding = 4; lastKnownFileType = sourcecode.swift; path = "UIColor+Hex.swift"; sourceTree = "<group>"; };
		FA7B73171EFC572D007A1AEA /* LeftAlignedCollectionViewFlowLayout.swift */ = {isa = PBXFileReference; lastKnownFileType = sourcecode.swift; path = LeftAlignedCollectionViewFlowLayout.swift; sourceTree = "<group>"; };
		FA7B731C1EFC5785007A1AEA /* DropdownFlowCollectionViewCell.swift */ = {isa = PBXFileReference; lastKnownFileType = sourcecode.swift; path = DropdownFlowCollectionViewCell.swift; sourceTree = "<group>"; };
		FA7B731E1EFC5976007A1AEA /* DropdownReusableView.xib */ = {isa = PBXFileReference; lastKnownFileType = file.xib; path = DropdownReusableView.xib; sourceTree = "<group>"; };
		FA7B73201EFC5983007A1AEA /* DropdownReusableView.swift */ = {isa = PBXFileReference; lastKnownFileType = sourcecode.swift; path = DropdownReusableView.swift; sourceTree = "<group>"; };
		FAAE73311F01C6E600BF1156 /* DropdownFlowView.swift */ = {isa = PBXFileReference; lastKnownFileType = sourcecode.swift; path = DropdownFlowView.swift; sourceTree = "<group>"; };
		FCBDE88203BDBADDF78AB99F /* Pods_Bizzy_Books.framework */ = {isa = PBXFileReference; explicitFileType = wrapper.framework; includeInIndex = 0; path = Pods_Bizzy_Books.framework; sourceTree = BUILT_PRODUCTS_DIR; };
/* End PBXFileReference section */

/* Begin PBXFrameworksBuildPhase section */
		EB851E301D9578B2002D19F4 /* Frameworks */ = {
			isa = PBXFrameworksBuildPhase;
			buildActionMask = 2147483647;
			files = (
				653EA8D6F5F1C59D8F85C66D /* Pods_Bizzy_Books.framework in Frameworks */,
				EB0B966B1FDCA61100E8829C /* MapKit.framework in Frameworks */,
				EB1915C61FD768DD0078AA64 /* StoreKit.framework in Frameworks */,
			);
			runOnlyForDeploymentPostprocessing = 0;
		};
/* End PBXFrameworksBuildPhase section */

/* Begin PBXGroup section */
		0828E887A9E15FB9432D7183 /* Pods */ = {
			isa = PBXGroup;
			children = (
				DAE81F3807A80CD9FA53863E /* Pods-Bizzy Books.debug.xcconfig */,
				9DE2B4832FAEA528FBE1F884 /* Pods-Bizzy Books.release.xcconfig */,
			);
			name = Pods;
			sourceTree = "<group>";
		};
		72DF5F1E419AD5E0D42F1F52 /* Frameworks */ = {
			isa = PBXGroup;
			children = (
				EB0B966A1FDCA61100E8829C /* MapKit.framework */,
				EB1915C51FD768DD0078AA64 /* StoreKit.framework */,
				FCBDE88203BDBADDF78AB99F /* Pods_Bizzy_Books.framework */,
			);
			name = Frameworks;
			sourceTree = "<group>";
		};
		EB2441AC1FE20BB4004EDC56 /* Card View Collection View Cells */ = {
			isa = PBXGroup;
			children = (
				EB2441AD1FE20BF6004EDC56 /* CardView.swift */,
				EB2441AF1FE20C44004EDC56 /* EntityCardViewCollectionViewCell.xib */,
				EB2441B11FE20C81004EDC56 /* EntityCardViewCollectionViewCell.swift */,
				EB2441BA1FE613CF004EDC56 /* UniversalCardViewCollectionViewCell.swift */,
				EB2441BC1FE6143C004EDC56 /* UniversalCardViewCollectionViewCell.xib */,
				EB2441BE1FE6148D004EDC56 /* ProjectCardViewCollectionViewCell.swift */,
				EB2441C01FE614B5004EDC56 /* ProjectCardViewCollectionViewCell.xib */,
				EB2441C21FE614CC004EDC56 /* AccountCardViewCollectionViewCell.swift */,
				EB2441C41FE614F6004EDC56 /* AccountCardViewCollectionViewCell.xib */,
				EB2441C61FE61510004EDC56 /* VehicleCardViewCollectionViewCell.swift */,
				EB2441C81FE6152E004EDC56 /* VehicleCardViewCollectionViewCell.xib */,
				EB2441CA1FE62D88004EDC56 /* CardViewSentenceCell.xib */,
				EB2441CC1FE63054004EDC56 /* CardViewSentenceCell.swift */,
				EB2441CE1FE6345F004EDC56 /* CardViewLabelFlowCollectionViewDataSource.swift */,
			);
			path = "Card View Collection View Cells";
			sourceTree = "<group>";
		};
		EB2441B71FE5CC83004EDC56 /* Model Controllers */ = {
			isa = PBXGroup;
			children = (
				EB2441B81FE5CC9C004EDC56 /* MultiversalItemViewModelController.swift */,
			);
			path = "Model Controllers";
			sourceTree = "<group>";
		};
		EB761D6F1F12F3360022DC7C /* Sources */ = {
			isa = PBXGroup;
			children = (
				EB761D6D1F12F3300022DC7C /* Just.swift */,
			);
			name = Sources;
			sourceTree = "<group>";
		};
		EB851E2A1D9578B2002D19F4 = {
			isa = PBXGroup;
			children = (
				EB851E351D9578B2002D19F4 /* Bizzy Books */,
				EB851E341D9578B2002D19F4 /* Products */,
				0828E887A9E15FB9432D7183 /* Pods */,
				72DF5F1E419AD5E0D42F1F52 /* Frameworks */,
			);
			sourceTree = "<group>";
		};
		EB851E341D9578B2002D19F4 /* Products */ = {
			isa = PBXGroup;
			children = (
				EB851E331D9578B2002D19F4 /* Bizzy Books.app */,
			);
			name = Products;
			sourceTree = "<group>";
		};
		EB851E351D9578B2002D19F4 /* Bizzy Books */ = {
			isa = PBXGroup;
			children = (
				EB7D51D71D95863F0016E63D /* Bizzy Books.entitlements */,
				EB851E361D9578B2002D19F4 /* AppDelegate.swift */,
				FA7B731A1EFC5759007A1AEA /* Model */,
				EBE448081FBD455D00DFD0AD /* Table View Cells */,
				EB2441AC1FE20BB4004EDC56 /* Card View Collection View Cells */,
				FA7B731B1EFC5769007A1AEA /* Sentence Collection View Cells */,
				EB2441B71FE5CC83004EDC56 /* Model Controllers */,
				FA7B73191EFC5745007A1AEA /* View Controllers */,
				EB851E3A1D9578B2002D19F4 /* Main.storyboard */,
				EB0B96661FD8744700E8829C /* LaunchScreen.storyboard */,
				EB4734931DE25BD900F6928E /* Assets.xcassets */,
				EB851E451D9578B2002D19F4 /* Info.plist */,
				EB761D6F1F12F3360022DC7C /* Sources */,
				EB851E4B1D957932002D19F4 /* GoogleService-Info.plist */,
				EB851E3D1D9578B2002D19F4 /* Bizzy_Books.xcdatamodeld */,
				EB4392BF1EF6077700C568C3 /* BizzyAuthViewController.swift */,
			);
			path = "Bizzy Books";
			sourceTree = "<group>";
		};
		EBE448081FBD455D00DFD0AD /* Table View Cells */ = {
			isa = PBXGroup;
			children = (
			);
			path = "Table View Cells";
			sourceTree = "<group>";
		};
		FA7B73191EFC5745007A1AEA /* View Controllers */ = {
			isa = PBXGroup;
			children = (
				EB851E381D9578B2002D19F4 /* ViewController.swift */,
				EB3F93B91DDD41900049C343 /* AddUniversal.swift */,
			);
			path = "View Controllers";
			sourceTree = "<group>";
		};
		FA7B731A1EFC5759007A1AEA /* Model */ = {
			isa = PBXGroup;
			children = (
				EBB77BD51EFC36070084D014 /* LabelTextFieldFlowItem.swift */,
				EB190FC61F0B3CC500C80E07 /* ContactsLogicManager.swift */,
				EBB77BDB1EFE2ABC0084D014 /* UIColorCustom.swift */,
				EBB77BDD1EFE2D4D0084D014 /* UIColor+Hex.swift */,
				EB190FC41F074EC700C80E07 /* CleanValue.swift */,
				EB5856A51FB6311C006C6212 /* EntityItem.swift */,
				EB5856A71FB6352D006C6212 /* AccountItem.swift */,
				EB5856A91FB635CA006C6212 /* UniversalItem.swift */,
				EB5856AB1FB635E8006C6212 /* VehicleItem.swift */,
				EB5856AD1FB63612006C6212 /* ProjectItem.swift */,
				EB007BA81FB7CF0C00014769 /* UniversalItemType.swift */,
				EB007BAA1FB7DDC300014769 /* TaxReasonItem.swift */,
				EB007BAC1FB7E30200014769 /* WorkersCompItem.swift */,
				EB007BAE1FB7E39A00014769 /* AdvertisingMeansItem.swift */,
				EB007BB01FB7E7DB00014769 /* PersonalReasonItem.swift */,
				EB007BB21FB7E97100014769 /* FuelTypeItem.swift */,
				EB007BB41FB7F39E00014769 /* ProjectDocItem.swift */,
				EB05238D1FD0BAAF00C13E8C /* AllowedCharsTextField.swift */,
				EB1915C71FD85B370078AA64 /* IAPProcessor.swift */,
				EB2441B31FE2E5E3004EDC56 /* MultiversalItem.swift */,
				EB2441B51FE5C856004EDC56 /* MultiversalItemViewModel.swift */,
				EBB407E21FE7101000E307C2 /* StringifyAnInt.swift */,
			);
			path = Model;
			sourceTree = "<group>";
		};
		FA7B731B1EFC5769007A1AEA /* Sentence Collection View Cells */ = {
			isa = PBXGroup;
			children = (
				EBB77BD91EFC37170084D014 /* LabelTextFieldFlowCells.swift */,
				FA7B731C1EFC5785007A1AEA /* DropdownFlowCollectionViewCell.swift */,
				FAAE73311F01C6E600BF1156 /* DropdownFlowView.swift */,
				FA7B731E1EFC5976007A1AEA /* DropdownReusableView.xib */,
				FA7B73201EFC5983007A1AEA /* DropdownReusableView.swift */,
				FA7B73171EFC572D007A1AEA /* LeftAlignedCollectionViewFlowLayout.swift */,
				EBB77BD71EFC36240084D014 /* LabelTextFieldFlowCollectionViewDataSource.swift */,
			);
			path = "Sentence Collection View Cells";
			sourceTree = "<group>";
		};
/* End PBXGroup section */

/* Begin PBXNativeTarget section */
		EB851E321D9578B2002D19F4 /* Bizzy Books */ = {
			isa = PBXNativeTarget;
			buildConfigurationList = EB851E481D9578B2002D19F4 /* Build configuration list for PBXNativeTarget "Bizzy Books" */;
			buildPhases = (
				76499205B9A6D7551C8D0832 /* [CP] Check Pods Manifest.lock */,
				2258B2AA66C84D6A839D8ACB /* [CP] Check Pods Manifest.lock */,
				EB851E2F1D9578B2002D19F4 /* Sources */,
				EB851E301D9578B2002D19F4 /* Frameworks */,
				EB851E311D9578B2002D19F4 /* Resources */,
				04496F652B69066DFD2EA317 /* [CP] Embed Pods Frameworks */,
				98971A4581628872AAA2694B /* [CP] Copy Pods Resources */,
				1D22FB3438D25983615F2DA5 /* 📦 Embed Pods Frameworks */,
				A3F536B783AD6FE10FE114DB /* 📦 Copy Pods Resources */,
			);
			buildRules = (
			);
			dependencies = (
			);
			name = "Bizzy Books";
			productName = "Bizzy Books";
			productReference = EB851E331D9578B2002D19F4 /* Bizzy Books.app */;
			productType = "com.apple.product-type.application";
		};
/* End PBXNativeTarget section */

/* Begin PBXProject section */
		EB851E2B1D9578B2002D19F4 /* Project object */ = {
			isa = PBXProject;
			attributes = {
				LastSwiftUpdateCheck = 0800;
				LastUpgradeCheck = 0800;
				ORGANIZATIONNAME = "Caldwell Contracting LLC";
				TargetAttributes = {
					EB851E321D9578B2002D19F4 = {
						CreatedOnToolsVersion = 8.0;
						DevelopmentTeam = ALC53N96R3;
						LastSwiftMigration = 0900;
						ProvisioningStyle = Automatic;
						SystemCapabilities = {
							com.apple.InAppPurchase = {
								enabled = 1;
							};
							com.apple.Keychain = {
								enabled = 1;
							};
							com.apple.Maps.iOS = {
								enabled = 1;
							};
							com.apple.Push = {
								enabled = 1;
							};
						};
					};
				};
			};
			buildConfigurationList = EB851E2E1D9578B2002D19F4 /* Build configuration list for PBXProject "Bizzy Books" */;
			compatibilityVersion = "Xcode 3.2";
			developmentRegion = English;
			hasScannedForEncodings = 0;
			knownRegions = (
				en,
				Base,
			);
			mainGroup = EB851E2A1D9578B2002D19F4;
			productRefGroup = EB851E341D9578B2002D19F4 /* Products */;
			projectDirPath = "";
			projectRoot = "";
			targets = (
				EB851E321D9578B2002D19F4 /* Bizzy Books */,
			);
		};
/* End PBXProject section */

/* Begin PBXResourcesBuildPhase section */
		EB851E311D9578B2002D19F4 /* Resources */ = {
			isa = PBXResourcesBuildPhase;
			buildActionMask = 2147483647;
			files = (
				EB2441CB1FE62D88004EDC56 /* CardViewSentenceCell.xib in Resources */,
				EB2441B01FE20C44004EDC56 /* EntityCardViewCollectionViewCell.xib in Resources */,
				EB2441C11FE614B5004EDC56 /* ProjectCardViewCollectionViewCell.xib in Resources */,
				EB0B96671FD8744700E8829C /* LaunchScreen.storyboard in Resources */,
				EB2441BD1FE6143C004EDC56 /* UniversalCardViewCollectionViewCell.xib in Resources */,
				EB851E4C1D957932002D19F4 /* GoogleService-Info.plist in Resources */,
				EB4734941DE25BD900F6928E /* Assets.xcassets in Resources */,
				EB2441C51FE614F6004EDC56 /* AccountCardViewCollectionViewCell.xib in Resources */,
				FA7B731F1EFC5976007A1AEA /* DropdownReusableView.xib in Resources */,
				EB2441C91FE6152E004EDC56 /* VehicleCardViewCollectionViewCell.xib in Resources */,
				EB851E3C1D9578B2002D19F4 /* Main.storyboard in Resources */,
			);
			runOnlyForDeploymentPostprocessing = 0;
		};
/* End PBXResourcesBuildPhase section */

/* Begin PBXShellScriptBuildPhase section */
		04496F652B69066DFD2EA317 /* [CP] Embed Pods Frameworks */ = {
			isa = PBXShellScriptBuildPhase;
			buildActionMask = 2147483647;
			files = (
			);
			inputPaths = (
				"${SRCROOT}/Pods/Target Support Files/Pods-Bizzy Books/Pods-Bizzy Books-frameworks.sh",
				"${BUILT_PRODUCTS_DIR}/Bolts/Bolts.framework",
				"${BUILT_PRODUCTS_DIR}/BoringSSL/openssl.framework",
				"${BUILT_PRODUCTS_DIR}/FBSDKCoreKit/FBSDKCoreKit.framework",
				"${BUILT_PRODUCTS_DIR}/FBSDKLoginKit/FBSDKLoginKit.framework",
				"${BUILT_PRODUCTS_DIR}/Freddy/Freddy.framework",
				"${BUILT_PRODUCTS_DIR}/GTMOAuth2/GTMOAuth2.framework",
				"${BUILT_PRODUCTS_DIR}/GTMSessionFetcher/GTMSessionFetcher.framework",
				"${BUILT_PRODUCTS_DIR}/GoogleToolboxForMac/GoogleToolboxForMac.framework",
				"${BUILT_PRODUCTS_DIR}/KTCenterFlowLayout/KTCenterFlowLayout.framework",
				"${BUILT_PRODUCTS_DIR}/MKDropdownMenu/MKDropdownMenu.framework",
				"${BUILT_PRODUCTS_DIR}/Protobuf/Protobuf.framework",
				"${BUILT_PRODUCTS_DIR}/SDWebImage/SDWebImage.framework",
				"${BUILT_PRODUCTS_DIR}/gRPC/GRPCClient.framework",
				"${BUILT_PRODUCTS_DIR}/gRPC-Core/grpc.framework",
				"${BUILT_PRODUCTS_DIR}/gRPC-ProtoRPC/ProtoRPC.framework",
				"${BUILT_PRODUCTS_DIR}/gRPC-RxLibrary/RxLibrary.framework",
				"${BUILT_PRODUCTS_DIR}/leveldb-library/leveldb.framework",
				"${BUILT_PRODUCTS_DIR}/nanopb/nanopb.framework",
			);
			name = "[CP] Embed Pods Frameworks";
			outputPaths = (
				"${TARGET_BUILD_DIR}/${FRAMEWORKS_FOLDER_PATH}/Bolts.framework",
				"${TARGET_BUILD_DIR}/${FRAMEWORKS_FOLDER_PATH}/openssl.framework",
				"${TARGET_BUILD_DIR}/${FRAMEWORKS_FOLDER_PATH}/FBSDKCoreKit.framework",
				"${TARGET_BUILD_DIR}/${FRAMEWORKS_FOLDER_PATH}/FBSDKLoginKit.framework",
				"${TARGET_BUILD_DIR}/${FRAMEWORKS_FOLDER_PATH}/Freddy.framework",
				"${TARGET_BUILD_DIR}/${FRAMEWORKS_FOLDER_PATH}/GTMOAuth2.framework",
				"${TARGET_BUILD_DIR}/${FRAMEWORKS_FOLDER_PATH}/GTMSessionFetcher.framework",
				"${TARGET_BUILD_DIR}/${FRAMEWORKS_FOLDER_PATH}/GoogleToolboxForMac.framework",
				"${TARGET_BUILD_DIR}/${FRAMEWORKS_FOLDER_PATH}/KTCenterFlowLayout.framework",
				"${TARGET_BUILD_DIR}/${FRAMEWORKS_FOLDER_PATH}/MKDropdownMenu.framework",
				"${TARGET_BUILD_DIR}/${FRAMEWORKS_FOLDER_PATH}/Protobuf.framework",
				"${TARGET_BUILD_DIR}/${FRAMEWORKS_FOLDER_PATH}/SDWebImage.framework",
				"${TARGET_BUILD_DIR}/${FRAMEWORKS_FOLDER_PATH}/GRPCClient.framework",
				"${TARGET_BUILD_DIR}/${FRAMEWORKS_FOLDER_PATH}/grpc.framework",
				"${TARGET_BUILD_DIR}/${FRAMEWORKS_FOLDER_PATH}/ProtoRPC.framework",
				"${TARGET_BUILD_DIR}/${FRAMEWORKS_FOLDER_PATH}/RxLibrary.framework",
				"${TARGET_BUILD_DIR}/${FRAMEWORKS_FOLDER_PATH}/leveldb.framework",
				"${TARGET_BUILD_DIR}/${FRAMEWORKS_FOLDER_PATH}/nanopb.framework",
			);
			runOnlyForDeploymentPostprocessing = 0;
			shellPath = /bin/sh;
			shellScript = "\"${SRCROOT}/Pods/Target Support Files/Pods-Bizzy Books/Pods-Bizzy Books-frameworks.sh\"\n";
			showEnvVarsInLog = 0;
		};
		1D22FB3438D25983615F2DA5 /* 📦 Embed Pods Frameworks */ = {
			isa = PBXShellScriptBuildPhase;
			buildActionMask = 2147483647;
			files = (
			);
			inputPaths = (
			);
			name = "📦 Embed Pods Frameworks";
			outputPaths = (
			);
			runOnlyForDeploymentPostprocessing = 0;
			shellPath = /bin/sh;
			shellScript = "\"${SRCROOT}/Pods/Target Support Files/Pods-Bizzy Books/Pods-Bizzy Books-frameworks.sh\"\n";
			showEnvVarsInLog = 0;
		};
		2258B2AA66C84D6A839D8ACB /* [CP] Check Pods Manifest.lock */ = {
			isa = PBXShellScriptBuildPhase;
			buildActionMask = 2147483647;
			files = (
			);
			inputPaths = (
			);
			name = "[CP] Check Pods Manifest.lock";
			outputPaths = (
			);
			runOnlyForDeploymentPostprocessing = 0;
			shellPath = /bin/sh;
			shellScript = "diff \"${PODS_ROOT}/../Podfile.lock\" \"${PODS_ROOT}/Manifest.lock\" > /dev/null\nif [ $? != 0 ] ; then\n    # print error to STDERR\n    echo \"error: The sandbox is not in sync with the Podfile.lock. Run 'pod install' or update your CocoaPods installation.\" >&2\n    exit 1\nfi\n";
			showEnvVarsInLog = 0;
		};
		76499205B9A6D7551C8D0832 /* [CP] Check Pods Manifest.lock */ = {
			isa = PBXShellScriptBuildPhase;
			buildActionMask = 2147483647;
			files = (
			);
			inputPaths = (
				"${PODS_PODFILE_DIR_PATH}/Podfile.lock",
				"${PODS_ROOT}/Manifest.lock",
			);
			name = "[CP] Check Pods Manifest.lock";
			outputPaths = (
				"$(DERIVED_FILE_DIR)/Pods-Bizzy Books-checkManifestLockResult.txt",
			);
			runOnlyForDeploymentPostprocessing = 0;
			shellPath = /bin/sh;
			shellScript = "diff \"${PODS_PODFILE_DIR_PATH}/Podfile.lock\" \"${PODS_ROOT}/Manifest.lock\" > /dev/null\nif [ $? != 0 ] ; then\n    # print error to STDERR\n    echo \"error: The sandbox is not in sync with the Podfile.lock. Run 'pod install' or update your CocoaPods installation.\" >&2\n    exit 1\nfi\n# This output is used by Xcode 'outputs' to avoid re-running this script phase.\necho \"SUCCESS\" > \"${SCRIPT_OUTPUT_FILE_0}\"\n";
			showEnvVarsInLog = 0;
		};
		98971A4581628872AAA2694B /* [CP] Copy Pods Resources */ = {
			isa = PBXShellScriptBuildPhase;
			buildActionMask = 2147483647;
			files = (
			);
			inputPaths = (
				"${SRCROOT}/Pods/Target Support Files/Pods-Bizzy Books/Pods-Bizzy Books-resources.sh",
				$PODS_CONFIGURATION_BUILD_DIR/FirebaseUI/FirebaseAuthUI.bundle,
				$PODS_CONFIGURATION_BUILD_DIR/FirebaseUI/FirebaseFacebookAuthUI.bundle,
				$PODS_CONFIGURATION_BUILD_DIR/FirebaseUI/FirebaseGoogleAuthUI.bundle,
				$PODS_CONFIGURATION_BUILD_DIR/FirebaseUI/FirebasePhoneAuthUI.bundle,
				$PODS_CONFIGURATION_BUILD_DIR/FirebaseUI/FirebaseTwitterAuthUI.bundle,
				"${PODS_ROOT}/GoogleSignIn/Resources/GoogleSignIn.bundle",
				"${PODS_ROOT}/TwitterKit/iOS/TwitterKit.framework/TwitterKitResources.bundle",
				"${PODS_ROOT}/TwitterKit/iOS/TwitterKit.framework/TwitterShareExtensionUIResources.bundle",
			);
			name = "[CP] Copy Pods Resources";
			outputPaths = (
				"${TARGET_BUILD_DIR}/${UNLOCALIZED_RESOURCES_FOLDER_PATH}",
			);
			runOnlyForDeploymentPostprocessing = 0;
			shellPath = /bin/sh;
			shellScript = "\"${SRCROOT}/Pods/Target Support Files/Pods-Bizzy Books/Pods-Bizzy Books-resources.sh\"\n";
			showEnvVarsInLog = 0;
		};
		A3F536B783AD6FE10FE114DB /* 📦 Copy Pods Resources */ = {
			isa = PBXShellScriptBuildPhase;
			buildActionMask = 2147483647;
			files = (
			);
			inputPaths = (
			);
			name = "📦 Copy Pods Resources";
			outputPaths = (
			);
			runOnlyForDeploymentPostprocessing = 0;
			shellPath = /bin/sh;
			shellScript = "\"${SRCROOT}/Pods/Target Support Files/Pods-Bizzy Books/Pods-Bizzy Books-resources.sh\"\n";
			showEnvVarsInLog = 0;
		};
/* End PBXShellScriptBuildPhase section */

/* Begin PBXSourcesBuildPhase section */
		EB851E2F1D9578B2002D19F4 /* Sources */ = {
			isa = PBXSourcesBuildPhase;
			buildActionMask = 2147483647;
			files = (
				EBB77BD81EFC36240084D014 /* LabelTextFieldFlowCollectionViewDataSource.swift in Sources */,
				EB007BAD1FB7E30200014769 /* WorkersCompItem.swift in Sources */,
				FAAE73321F01C6E600BF1156 /* DropdownFlowView.swift in Sources */,
				EB007BAB1FB7DDC300014769 /* TaxReasonItem.swift in Sources */,
				EB851E391D9578B2002D19F4 /* ViewController.swift in Sources */,
				EB761D6E1F12F3300022DC7C /* Just.swift in Sources */,
				EBB77BDC1EFE2ABC0084D014 /* UIColorCustom.swift in Sources */,
				EB3F93BA1DDD41900049C343 /* AddUniversal.swift in Sources */,
				EB007BB51FB7F39E00014769 /* ProjectDocItem.swift in Sources */,
				EB007BA91FB7CF0C00014769 /* UniversalItemType.swift in Sources */,
				EB5856AA1FB635CA006C6212 /* UniversalItem.swift in Sources */,
				EB2441B61FE5C856004EDC56 /* MultiversalItemViewModel.swift in Sources */,
				EB4392C01EF6077700C568C3 /* BizzyAuthViewController.swift in Sources */,
				EBB77BDA1EFC37170084D014 /* LabelTextFieldFlowCells.swift in Sources */,
				EB2441B41FE2E5E3004EDC56 /* MultiversalItem.swift in Sources */,
				FA7B731D1EFC5785007A1AEA /* DropdownFlowCollectionViewCell.swift in Sources */,
				EB5856AE1FB63612006C6212 /* ProjectItem.swift in Sources */,
				EB007BB31FB7E97100014769 /* FuelTypeItem.swift in Sources */,
				EB190FC51F074EC700C80E07 /* CleanValue.swift in Sources */,
				EB851E3F1D9578B2002D19F4 /* Bizzy_Books.xcdatamodeld in Sources */,
				EB05238E1FD0BAAF00C13E8C /* AllowedCharsTextField.swift in Sources */,
				EB5856AC1FB635E8006C6212 /* VehicleItem.swift in Sources */,
				EB2441CD1FE63054004EDC56 /* CardViewSentenceCell.swift in Sources */,
				EB2441C71FE61510004EDC56 /* VehicleCardViewCollectionViewCell.swift in Sources */,
				EB2441B91FE5CC9C004EDC56 /* MultiversalItemViewModelController.swift in Sources */,
				EB2441CF1FE6345F004EDC56 /* CardViewLabelFlowCollectionViewDataSource.swift in Sources */,
				EB2441BF1FE6148D004EDC56 /* ProjectCardViewCollectionViewCell.swift in Sources */,
				EB2441B21FE20C81004EDC56 /* EntityCardViewCollectionViewCell.swift in Sources */,
				FA7B73211EFC5983007A1AEA /* DropdownReusableView.swift in Sources */,
				EB007BAF1FB7E39A00014769 /* AdvertisingMeansItem.swift in Sources */,
				EBB77BDE1EFE2D4D0084D014 /* UIColor+Hex.swift in Sources */,
				EB851E371D9578B2002D19F4 /* AppDelegate.swift in Sources */,
				EB190FC71F0B3CC500C80E07 /* ContactsLogicManager.swift in Sources */,
				EB5856A81FB6352D006C6212 /* AccountItem.swift in Sources */,
				EB2441C31FE614CC004EDC56 /* AccountCardViewCollectionViewCell.swift in Sources */,
				EB5856A61FB6311C006C6212 /* EntityItem.swift in Sources */,
				EBB407E31FE7101000E307C2 /* StringifyAnInt.swift in Sources */,
				EB007BB11FB7E7DB00014769 /* PersonalReasonItem.swift in Sources */,
				EB1915C81FD85B370078AA64 /* IAPProcessor.swift in Sources */,
				EBB77BD61EFC36070084D014 /* LabelTextFieldFlowItem.swift in Sources */,
				EB2441BB1FE613CF004EDC56 /* UniversalCardViewCollectionViewCell.swift in Sources */,
				EB2441AE1FE20BF6004EDC56 /* CardView.swift in Sources */,
				FA7B73181EFC572D007A1AEA /* LeftAlignedCollectionViewFlowLayout.swift in Sources */,
			);
			runOnlyForDeploymentPostprocessing = 0;
		};
/* End PBXSourcesBuildPhase section */

/* Begin PBXVariantGroup section */
		EB851E3A1D9578B2002D19F4 /* Main.storyboard */ = {
			isa = PBXVariantGroup;
			children = (
				EB851E3B1D9578B2002D19F4 /* Base */,
			);
			name = Main.storyboard;
			sourceTree = "<group>";
		};
/* End PBXVariantGroup section */

/* Begin XCBuildConfiguration section */
		EB851E461D9578B2002D19F4 /* Debug */ = {
			isa = XCBuildConfiguration;
			buildSettings = {
				ALWAYS_SEARCH_USER_PATHS = NO;
				CLANG_ANALYZER_NONNULL = YES;
				CLANG_CXX_LANGUAGE_STANDARD = "gnu++0x";
				CLANG_CXX_LIBRARY = "libc++";
				CLANG_ENABLE_MODULES = YES;
				CLANG_ENABLE_OBJC_ARC = YES;
				CLANG_WARN_BOOL_CONVERSION = YES;
				CLANG_WARN_CONSTANT_CONVERSION = YES;
				CLANG_WARN_DIRECT_OBJC_ISA_USAGE = YES_ERROR;
				CLANG_WARN_DOCUMENTATION_COMMENTS = YES;
				CLANG_WARN_EMPTY_BODY = YES;
				CLANG_WARN_ENUM_CONVERSION = YES;
				CLANG_WARN_INFINITE_RECURSION = YES;
				CLANG_WARN_INT_CONVERSION = YES;
				CLANG_WARN_OBJC_ROOT_CLASS = YES_ERROR;
				CLANG_WARN_SUSPICIOUS_MOVES = YES;
				CLANG_WARN_UNREACHABLE_CODE = YES;
				CLANG_WARN__DUPLICATE_METHOD_MATCH = YES;
				CODE_SIGN_IDENTITY = "iPhone Developer";
				"CODE_SIGN_IDENTITY[sdk=iphoneos*]" = "iPhone Developer";
				COPY_PHASE_STRIP = NO;
				DEBUG_INFORMATION_FORMAT = dwarf;
				ENABLE_STRICT_OBJC_MSGSEND = YES;
				ENABLE_TESTABILITY = YES;
				GCC_C_LANGUAGE_STANDARD = gnu99;
				GCC_DYNAMIC_NO_PIC = NO;
				GCC_NO_COMMON_BLOCKS = YES;
				GCC_OPTIMIZATION_LEVEL = 0;
				GCC_PREPROCESSOR_DEFINITIONS = (
					"DEBUG=1",
					"$(inherited)",
				);
				GCC_WARN_64_TO_32_BIT_CONVERSION = YES;
				GCC_WARN_ABOUT_RETURN_TYPE = YES_ERROR;
				GCC_WARN_UNDECLARED_SELECTOR = YES;
				GCC_WARN_UNINITIALIZED_AUTOS = YES_AGGRESSIVE;
				GCC_WARN_UNUSED_FUNCTION = YES;
				GCC_WARN_UNUSED_VARIABLE = YES;
				IPHONEOS_DEPLOYMENT_TARGET = 10.0;
				MTL_ENABLE_DEBUG_INFO = YES;
				ONLY_ACTIVE_ARCH = YES;
				SDKROOT = iphoneos;
				SWIFT_ACTIVE_COMPILATION_CONDITIONS = DEBUG;
				SWIFT_OPTIMIZATION_LEVEL = "-Onone";
				TARGETED_DEVICE_FAMILY = "1,2";
			};
			name = Debug;
		};
		EB851E471D9578B2002D19F4 /* Release */ = {
			isa = XCBuildConfiguration;
			buildSettings = {
				ALWAYS_SEARCH_USER_PATHS = NO;
				CLANG_ANALYZER_NONNULL = YES;
				CLANG_CXX_LANGUAGE_STANDARD = "gnu++0x";
				CLANG_CXX_LIBRARY = "libc++";
				CLANG_ENABLE_MODULES = YES;
				CLANG_ENABLE_OBJC_ARC = YES;
				CLANG_WARN_BOOL_CONVERSION = YES;
				CLANG_WARN_CONSTANT_CONVERSION = YES;
				CLANG_WARN_DIRECT_OBJC_ISA_USAGE = YES_ERROR;
				CLANG_WARN_DOCUMENTATION_COMMENTS = YES;
				CLANG_WARN_EMPTY_BODY = YES;
				CLANG_WARN_ENUM_CONVERSION = YES;
				CLANG_WARN_INFINITE_RECURSION = YES;
				CLANG_WARN_INT_CONVERSION = YES;
				CLANG_WARN_OBJC_ROOT_CLASS = YES_ERROR;
				CLANG_WARN_SUSPICIOUS_MOVES = YES;
				CLANG_WARN_UNREACHABLE_CODE = YES;
				CLANG_WARN__DUPLICATE_METHOD_MATCH = YES;
				CODE_SIGN_IDENTITY = "iPhone Developer";
				"CODE_SIGN_IDENTITY[sdk=iphoneos*]" = "iPhone Developer";
				COPY_PHASE_STRIP = NO;
				DEBUG_INFORMATION_FORMAT = "dwarf-with-dsym";
				ENABLE_NS_ASSERTIONS = NO;
				ENABLE_STRICT_OBJC_MSGSEND = YES;
				GCC_C_LANGUAGE_STANDARD = gnu99;
				GCC_NO_COMMON_BLOCKS = YES;
				GCC_WARN_64_TO_32_BIT_CONVERSION = YES;
				GCC_WARN_ABOUT_RETURN_TYPE = YES_ERROR;
				GCC_WARN_UNDECLARED_SELECTOR = YES;
				GCC_WARN_UNINITIALIZED_AUTOS = YES_AGGRESSIVE;
				GCC_WARN_UNUSED_FUNCTION = YES;
				GCC_WARN_UNUSED_VARIABLE = YES;
				IPHONEOS_DEPLOYMENT_TARGET = 10.0;
				MTL_ENABLE_DEBUG_INFO = NO;
				SDKROOT = iphoneos;
				SWIFT_OPTIMIZATION_LEVEL = "-Owholemodule";
				TARGETED_DEVICE_FAMILY = "1,2";
				VALIDATE_PRODUCT = YES;
			};
			name = Release;
		};
		EB851E491D9578B2002D19F4 /* Debug */ = {
			isa = XCBuildConfiguration;
			baseConfigurationReference = DAE81F3807A80CD9FA53863E /* Pods-Bizzy Books.debug.xcconfig */;
			buildSettings = {
				ASSETCATALOG_COMPILER_APPICON_NAME = AppIcon;
				CODE_SIGN_ENTITLEMENTS = "Bizzy Books/Bizzy Books.entitlements";
				"CODE_SIGN_IDENTITY[sdk=iphoneos*]" = "iPhone Developer";
				DEVELOPMENT_TEAM = ALC53N96R3;
				ENABLE_BITCODE = NO;
				INFOPLIST_FILE = "Bizzy Books/Info.plist";
				LD_RUNPATH_SEARCH_PATHS = "$(inherited) @executable_path/Frameworks";
				ONLY_ACTIVE_ARCH = YES;
				PRODUCT_BUNDLE_IDENTIFIER = com.bizzybooks.BizzyBooks;
				PRODUCT_NAME = "$(TARGET_NAME)";
				SWIFT_SWIFT3_OBJC_INFERENCE = On;
				SWIFT_VERSION = 4.0;
				VALID_ARCHS = "arm64 armv7 armv7s";
			};
			name = Debug;
		};
		EB851E4A1D9578B2002D19F4 /* Release */ = {
			isa = XCBuildConfiguration;
			baseConfigurationReference = 9DE2B4832FAEA528FBE1F884 /* Pods-Bizzy Books.release.xcconfig */;
			buildSettings = {
				ASSETCATALOG_COMPILER_APPICON_NAME = AppIcon;
				CODE_SIGN_ENTITLEMENTS = "Bizzy Books/Bizzy Books.entitlements";
				"CODE_SIGN_IDENTITY[sdk=iphoneos*]" = "iPhone Developer";
				DEVELOPMENT_TEAM = ALC53N96R3;
				ENABLE_BITCODE = NO;
				INFOPLIST_FILE = "Bizzy Books/Info.plist";
				LD_RUNPATH_SEARCH_PATHS = "$(inherited) @executable_path/Frameworks";
				ONLY_ACTIVE_ARCH = NO;
				PRODUCT_BUNDLE_IDENTIFIER = com.bizzybooks.BizzyBooks;
				PRODUCT_NAME = "$(TARGET_NAME)";
				SWIFT_SWIFT3_OBJC_INFERENCE = On;
				SWIFT_VERSION = 4.0;
				VALID_ARCHS = "arm64 armv7 armv7s";
			};
			name = Release;
		};
/* End XCBuildConfiguration section */

/* Begin XCConfigurationList section */
		EB851E2E1D9578B2002D19F4 /* Build configuration list for PBXProject "Bizzy Books" */ = {
			isa = XCConfigurationList;
			buildConfigurations = (
				EB851E461D9578B2002D19F4 /* Debug */,
				EB851E471D9578B2002D19F4 /* Release */,
			);
			defaultConfigurationIsVisible = 0;
			defaultConfigurationName = Release;
		};
		EB851E481D9578B2002D19F4 /* Build configuration list for PBXNativeTarget "Bizzy Books" */ = {
			isa = XCConfigurationList;
			buildConfigurations = (
				EB851E491D9578B2002D19F4 /* Debug */,
				EB851E4A1D9578B2002D19F4 /* Release */,
			);
			defaultConfigurationIsVisible = 0;
			defaultConfigurationName = Release;
		};
/* End XCConfigurationList section */

/* Begin XCVersionGroup section */
		EB851E3D1D9578B2002D19F4 /* Bizzy_Books.xcdatamodeld */ = {
			isa = XCVersionGroup;
			children = (
				EB851E3E1D9578B2002D19F4 /* Bizzy_Books.xcdatamodel */,
			);
			currentVersion = EB851E3E1D9578B2002D19F4 /* Bizzy_Books.xcdatamodel */;
			path = Bizzy_Books.xcdatamodeld;
			sourceTree = "<group>";
			versionGroupType = wrapper.xcdatamodel;
		};
/* End XCVersionGroup section */
	};
	rootObject = EB851E2B1D9578B2002D19F4 /* Project object */;
}
